{
  "pins" : [
    {
      "identity" : "jsonsafeencoder-swift",
      "kind" : "remoteSourceControl",
      "location" : "https://github.com/segmentio/jsonsafeencoder-swift.git",
      "state" : {
        "revision" : "8b70dc8c01b7b041912e30e29d2b488a43f782ac",
        "version" : "1.0.1"
      }
    },
    {
      "identity" : "sovran-swift",
      "kind" : "remoteSourceControl",
      "location" : "https://github.com/segmentio/sovran-swift.git",
      "state" : {
        "revision" : "a342b905f6baa64499cabdf61ccc185ec476b7b2",
        "version" : "1.1.1"
      }
    }
  ],
  "version" : 2
}