{
  "object": {
    "pins": [
      {
        "package": "Sovran",
        "repositoryURL": "git@github.com:segmentio/Sovran-Swift.git",
        "state": {
          "branch": null,
          "revision": "8eab95bb85b4816b25b32e7d2af2c88b358b04df",
          "version": "1.0.1"
        }
      }
    ]
  },
  "version": 1
}
