// !$*UTF8*$!
{
	archiveVersion = 1;
	classes = {
	};
	objectVersion = 56;
	objects = {

/* Begin PBXBuildFile section */
		82C21C9E2913169C00121B41 /* Segment in Frameworks */ = {isa = PBXBuildFile; productRef = 82C21C9D2913169C00121B41 /* Segment */; };
		82C21CA0291316B500121B41 /* Segment in Frameworks */ = {isa = PBXBuildFile; productRef = 82C21C9F291316B500121B41 /* Segment */; };
		82E374D22909C8D1002CFC26 /* SegmentWeatherWidgetApp.swift in Sources */ = {isa = PBXBuildFile; fileRef = 82E374D12909C8D1002CFC26 /* SegmentWeatherWidgetApp.swift */; };
		82E374D42909C8D1002CFC26 /* ContentView.swift in Sources */ = {isa = PBXBuildFile; fileRef = 82E374D32909C8D1002CFC26 /* ContentView.swift */; };
		82E374D62909C8D3002CFC26 /* Assets.xcassets in Resources */ = {isa = PBXBuildFile; fileRef = 82E374D52909C8D3002CFC26 /* Assets.xcassets */; };
		82E374D92909C8D3002CFC26 /* Preview Assets.xcassets in Resources */ = {isa = PBXBuildFile; fileRef = 82E374D82909C8D3002CFC26 /* Preview Assets.xcassets */; };
		82E374E62909C908002CFC26 /* WidgetKit.framework in Frameworks */ = {isa = PBXBuildFile; fileRef = 82E374E52909C908002CFC26 /* WidgetKit.framework */; };
		82E374E82909C908002CFC26 /* SwiftUI.framework in Frameworks */ = {isa = PBXBuildFile; fileRef = 82E374E72909C908002CFC26 /* SwiftUI.framework */; };
		82E374EB2909C908002CFC26 /* WeatherWidget.swift in Sources */ = {isa = PBXBuildFile; fileRef = 82E374EA2909C908002CFC26 /* WeatherWidget.swift */; };
		82E374EE2909C90B002CFC26 /* Assets.xcassets in Resources */ = {isa = PBXBuildFile; fileRef = 82E374ED2909C90B002CFC26 /* Assets.xcassets */; };
		82E374F02909C90B002CFC26 /* WeatherWidget.intentdefinition in Sources */ = {isa = PBXBuildFile; fileRef = 82E374EC2909C908002CFC26 /* WeatherWidget.intentdefinition */; };
		82E374F12909C90B002CFC26 /* WeatherWidget.intentdefinition in Sources */ = {isa = PBXBuildFile; fileRef = 82E374EC2909C908002CFC26 /* WeatherWidget.intentdefinition */; };
		82E374F42909C90B002CFC26 /* WeatherWidgetExtension.appex in Embed Foundation Extensions */ = {isa = PBXBuildFile; fileRef = 82E374E32909C908002CFC26 /* WeatherWidgetExtension.appex */; settings = {ATTRIBUTES = (RemoveHeadersOnCopy, ); }; };
		82E375052909C9F2002CFC26 /* WeatherService.swift in Sources */ = {isa = PBXBuildFile; fileRef = 82E374FA2909C9F2002CFC26 /* WeatherService.swift */; };
		82E375062909C9F2002CFC26 /* Weather.swift in Sources */ = {isa = PBXBuildFile; fileRef = 82E374FC2909C9F2002CFC26 /* Weather.swift */; };
		82E375072909C9F2002CFC26 /* WeatherUtils.swift in Sources */ = {isa = PBXBuildFile; fileRef = 82E374FE2909C9F2002CFC26 /* WeatherUtils.swift */; };
		82E375082909C9F2002CFC26 /* Date+Extensions.swift in Sources */ = {isa = PBXBuildFile; fileRef = 82E374FF2909C9F2002CFC26 /* Date+Extensions.swift */; };
		82E3750C2909C9F2002CFC26 /* WeatherWidgetView.swift in Sources */ = {isa = PBXBuildFile; fileRef = 82E375042909C9F2002CFC26 /* WeatherWidgetView.swift */; };
/* End PBXBuildFile section */

/* Begin PBXContainerItemProxy section */
		82E374F22909C90B002CFC26 /* PBXContainerItemProxy */ = {
			isa = PBXContainerItemProxy;
			containerPortal = 82E374C62909C8D1002CFC26 /* Project object */;
			proxyType = 1;
			remoteGlobalIDString = 82E374E22909C908002CFC26;
			remoteInfo = WeatherWidgetExtension;
		};
/* End PBXContainerItemProxy section */

/* Begin PBXCopyFilesBuildPhase section */
		82E374F82909C90B002CFC26 /* Embed Foundation Extensions */ = {
			isa = PBXCopyFilesBuildPhase;
			buildActionMask = 2147483647;
			dstPath = "";
			dstSubfolderSpec = 13;
			files = (
				82E374F42909C90B002CFC26 /* WeatherWidgetExtension.appex in Embed Foundation Extensions */,
			);
			name = "Embed Foundation Extensions";
			runOnlyForDeploymentPostprocessing = 0;
		};
/* End PBXCopyFilesBuildPhase section */

/* Begin PBXFileReference section */
		8207AACA2909CFA2001F69D6 /* Info.plist */ = {isa = PBXFileReference; lastKnownFileType = text.plist; path = Info.plist; sourceTree = "<group>"; };
		82E374CE2909C8D1002CFC26 /* SegmentWeatherWidget.app */ = {isa = PBXFileReference; explicitFileType = wrapper.application; includeInIndex = 0; path = SegmentWeatherWidget.app; sourceTree = BUILT_PRODUCTS_DIR; };
		82E374D12909C8D1002CFC26 /* SegmentWeatherWidgetApp.swift */ = {isa = PBXFileReference; lastKnownFileType = sourcecode.swift; path = SegmentWeatherWidgetApp.swift; sourceTree = "<group>"; };
		82E374D32909C8D1002CFC26 /* ContentView.swift */ = {isa = PBXFileReference; lastKnownFileType = sourcecode.swift; path = ContentView.swift; sourceTree = "<group>"; };
		82E374D52909C8D3002CFC26 /* Assets.xcassets */ = {isa = PBXFileReference; lastKnownFileType = folder.assetcatalog; path = Assets.xcassets; sourceTree = "<group>"; };
		82E374D82909C8D3002CFC26 /* Preview Assets.xcassets */ = {isa = PBXFileReference; lastKnownFileType = folder.assetcatalog; path = "Preview Assets.xcassets"; sourceTree = "<group>"; };
		82E374E32909C908002CFC26 /* WeatherWidgetExtension.appex */ = {isa = PBXFileReference; explicitFileType = "wrapper.app-extension"; includeInIndex = 0; path = WeatherWidgetExtension.appex; sourceTree = BUILT_PRODUCTS_DIR; };
		82E374E52909C908002CFC26 /* WidgetKit.framework */ = {isa = PBXFileReference; lastKnownFileType = wrapper.framework; name = WidgetKit.framework; path = System/Library/Frameworks/WidgetKit.framework; sourceTree = SDKROOT; };
		82E374E72909C908002CFC26 /* SwiftUI.framework */ = {isa = PBXFileReference; lastKnownFileType = wrapper.framework; name = SwiftUI.framework; path = System/Library/Frameworks/SwiftUI.framework; sourceTree = SDKROOT; };
		82E374EA2909C908002CFC26 /* WeatherWidget.swift */ = {isa = PBXFileReference; lastKnownFileType = sourcecode.swift; path = WeatherWidget.swift; sourceTree = "<group>"; };
		82E374EC2909C908002CFC26 /* WeatherWidget.intentdefinition */ = {isa = PBXFileReference; lastKnownFileType = file.intentdefinition; path = WeatherWidget.intentdefinition; sourceTree = "<group>"; };
		82E374ED2909C90B002CFC26 /* Assets.xcassets */ = {isa = PBXFileReference; lastKnownFileType = folder.assetcatalog; path = Assets.xcassets; sourceTree = "<group>"; };
		82E374EF2909C90B002CFC26 /* Info.plist */ = {isa = PBXFileReference; lastKnownFileType = text.plist.xml; path = Info.plist; sourceTree = "<group>"; };
		82E374FA2909C9F2002CFC26 /* WeatherService.swift */ = {isa = PBXFileReference; fileEncoding = 4; lastKnownFileType = sourcecode.swift; path = WeatherService.swift; sourceTree = "<group>"; };
		82E374FC2909C9F2002CFC26 /* Weather.swift */ = {isa = PBXFileReference; fileEncoding = 4; lastKnownFileType = sourcecode.swift; path = Weather.swift; sourceTree = "<group>"; };
		82E374FE2909C9F2002CFC26 /* WeatherUtils.swift */ = {isa = PBXFileReference; fileEncoding = 4; lastKnownFileType = sourcecode.swift; path = WeatherUtils.swift; sourceTree = "<group>"; };
		82E374FF2909C9F2002CFC26 /* Date+Extensions.swift */ = {isa = PBXFileReference; fileEncoding = 4; lastKnownFileType = sourcecode.swift; path = "Date+Extensions.swift"; sourceTree = "<group>"; };
		82E375042909C9F2002CFC26 /* WeatherWidgetView.swift */ = {isa = PBXFileReference; fileEncoding = 4; lastKnownFileType = sourcecode.swift; path = WeatherWidgetView.swift; sourceTree = "<group>"; };
/* End PBXFileReference section */

/* Begin PBXFrameworksBuildPhase section */
		82E374CB2909C8D1002CFC26 /* Frameworks */ = {
			isa = PBXFrameworksBuildPhase;
			buildActionMask = 2147483647;
			files = (
				82C21C9E2913169C00121B41 /* Segment in Frameworks */,
			);
			runOnlyForDeploymentPostprocessing = 0;
		};
		82E374E02909C908002CFC26 /* Frameworks */ = {
			isa = PBXFrameworksBuildPhase;
			buildActionMask = 2147483647;
			files = (
				82C21CA0291316B500121B41 /* Segment in Frameworks */,
				82E374E82909C908002CFC26 /* SwiftUI.framework in Frameworks */,
				82E374E62909C908002CFC26 /* WidgetKit.framework in Frameworks */,
			);
			runOnlyForDeploymentPostprocessing = 0;
		};
/* End PBXFrameworksBuildPhase section */

/* Begin PBXGroup section */
		82E374C52909C8D1002CFC26 = {
			isa = PBXGroup;
			children = (
				82E374D02909C8D1002CFC26 /* SegmentWeatherWidget */,
				82E374E92909C908002CFC26 /* WeatherWidget */,
				82E374E42909C908002CFC26 /* Frameworks */,
				82E374CF2909C8D1002CFC26 /* Products */,
			);
			sourceTree = "<group>";
		};
		82E374CF2909C8D1002CFC26 /* Products */ = {
			isa = PBXGroup;
			children = (
				82E374CE2909C8D1002CFC26 /* SegmentWeatherWidget.app */,
				82E374E32909C908002CFC26 /* WeatherWidgetExtension.appex */,
			);
			name = Products;
			sourceTree = "<group>";
		};
		82E374D02909C8D1002CFC26 /* SegmentWeatherWidget */ = {
			isa = PBXGroup;
			children = (
				8207AACA2909CFA2001F69D6 /* Info.plist */,
				82E374D12909C8D1002CFC26 /* SegmentWeatherWidgetApp.swift */,
				82E374D32909C8D1002CFC26 /* ContentView.swift */,
				82E374D52909C8D3002CFC26 /* Assets.xcassets */,
				82E374D72909C8D3002CFC26 /* Preview Content */,
			);
			path = SegmentWeatherWidget;
			sourceTree = "<group>";
		};
		82E374D72909C8D3002CFC26 /* Preview Content */ = {
			isa = PBXGroup;
			children = (
				82E374D82909C8D3002CFC26 /* Preview Assets.xcassets */,
			);
			path = "Preview Content";
			sourceTree = "<group>";
		};
		82E374E42909C908002CFC26 /* Frameworks */ = {
			isa = PBXGroup;
			children = (
				82E374E52909C908002CFC26 /* WidgetKit.framework */,
				82E374E72909C908002CFC26 /* SwiftUI.framework */,
			);
			name = Frameworks;
			sourceTree = "<group>";
		};
		82E374E92909C908002CFC26 /* WeatherWidget */ = {
			isa = PBXGroup;
			children = (
				82E374FB2909C9F2002CFC26 /* Models */,
				82E374F92909C9F2002CFC26 /* Service */,
				82E374FD2909C9F2002CFC26 /* Utils */,
				82E374EA2909C908002CFC26 /* WeatherWidget.swift */,
				82E375042909C9F2002CFC26 /* WeatherWidgetView.swift */,
				82E374EC2909C908002CFC26 /* WeatherWidget.intentdefinition */,
				82E374ED2909C90B002CFC26 /* Assets.xcassets */,
				82E374EF2909C90B002CFC26 /* Info.plist */,
			);
			path = WeatherWidget;
			sourceTree = "<group>";
		};
		82E374F92909C9F2002CFC26 /* Service */ = {
			isa = PBXGroup;
			children = (
				82E374FA2909C9F2002CFC26 /* WeatherService.swift */,
			);
			path = Service;
			sourceTree = "<group>";
		};
		82E374FB2909C9F2002CFC26 /* Models */ = {
			isa = PBXGroup;
			children = (
				82E374FC2909C9F2002CFC26 /* Weather.swift */,
			);
			path = Models;
			sourceTree = "<group>";
		};
		82E374FD2909C9F2002CFC26 /* Utils */ = {
			isa = PBXGroup;
			children = (
				82E374FE2909C9F2002CFC26 /* WeatherUtils.swift */,
				82E374FF2909C9F2002CFC26 /* Date+Extensions.swift */,
			);
			path = Utils;
			sourceTree = "<group>";
		};
/* End PBXGroup section */

/* Begin PBXNativeTarget section */
		82E374CD2909C8D1002CFC26 /* SegmentWeatherWidget */ = {
			isa = PBXNativeTarget;
			buildConfigurationList = 82E374DC2909C8D3002CFC26 /* Build configuration list for PBXNativeTarget "SegmentWeatherWidget" */;
			buildPhases = (
				82E374CA2909C8D1002CFC26 /* Sources */,
				82E374CB2909C8D1002CFC26 /* Frameworks */,
				82E374CC2909C8D1002CFC26 /* Resources */,
				82E374F82909C90B002CFC26 /* Embed Foundation Extensions */,
			);
			buildRules = (
			);
			dependencies = (
				82E374F32909C90B002CFC26 /* PBXTargetDependency */,
			);
			name = SegmentWeatherWidget;
			packageProductDependencies = (
				82C21C9D2913169C00121B41 /* Segment */,
			);
			productName = SegmentWeatherWidget;
			productReference = 82E374CE2909C8D1002CFC26 /* SegmentWeatherWidget.app */;
			productType = "com.apple.product-type.application";
		};
		82E374E22909C908002CFC26 /* WeatherWidgetExtension */ = {
			isa = PBXNativeTarget;
			buildConfigurationList = 82E374F52909C90B002CFC26 /* Build configuration list for PBXNativeTarget "WeatherWidgetExtension" */;
			buildPhases = (
				82E374DF2909C908002CFC26 /* Sources */,
				82E374E02909C908002CFC26 /* Frameworks */,
				82E374E12909C908002CFC26 /* Resources */,
			);
			buildRules = (
			);
			dependencies = (
			);
			name = WeatherWidgetExtension;
			packageProductDependencies = (
				82C21C9F291316B500121B41 /* Segment */,
			);
			productName = WeatherWidgetExtension;
			productReference = 82E374E32909C908002CFC26 /* WeatherWidgetExtension.appex */;
			productType = "com.apple.product-type.app-extension";
		};
/* End PBXNativeTarget section */

/* Begin PBXProject section */
		82E374C62909C8D1002CFC26 /* Project object */ = {
			isa = PBXProject;
			attributes = {
				BuildIndependentTargetsInParallel = 1;
				LastSwiftUpdateCheck = 1400;
				LastUpgradeCheck = 1400;
				TargetAttributes = {
					82E374CD2909C8D1002CFC26 = {
						CreatedOnToolsVersion = 14.0.1;
					};
					82E374E22909C908002CFC26 = {
						CreatedOnToolsVersion = 14.0.1;
					};
				};
			};
			buildConfigurationList = 82E374C92909C8D1002CFC26 /* Build configuration list for PBXProject "SegmentWeatherWidget" */;
			compatibilityVersion = "Xcode 14.0";
			developmentRegion = en;
			hasScannedForEncodings = 0;
			knownRegions = (
				en,
				Base,
			);
			mainGroup = 82E374C52909C8D1002CFC26;
			packageReferences = (
			);
			productRefGroup = 82E374CF2909C8D1002CFC26 /* Products */;
			projectDirPath = "";
			projectRoot = "";
			targets = (
				82E374CD2909C8D1002CFC26 /* SegmentWeatherWidget */,
				82E374E22909C908002CFC26 /* WeatherWidgetExtension */,
			);
		};
/* End PBXProject section */

/* Begin PBXResourcesBuildPhase section */
		82E374CC2909C8D1002CFC26 /* Resources */ = {
			isa = PBXResourcesBuildPhase;
			buildActionMask = 2147483647;
			files = (
				82E374D92909C8D3002CFC26 /* Preview Assets.xcassets in Resources */,
				82E374D62909C8D3002CFC26 /* Assets.xcassets in Resources */,
			);
			runOnlyForDeploymentPostprocessing = 0;
		};
		82E374E12909C908002CFC26 /* Resources */ = {
			isa = PBXResourcesBuildPhase;
			buildActionMask = 2147483647;
			files = (
				82E374EE2909C90B002CFC26 /* Assets.xcassets in Resources */,
			);
			runOnlyForDeploymentPostprocessing = 0;
		};
/* End PBXResourcesBuildPhase section */

/* Begin PBXSourcesBuildPhase section */
		82E374CA2909C8D1002CFC26 /* Sources */ = {
			isa = PBXSourcesBuildPhase;
			buildActionMask = 2147483647;
			files = (
				82E374D42909C8D1002CFC26 /* ContentView.swift in Sources */,
				82E374D22909C8D1002CFC26 /* SegmentWeatherWidgetApp.swift in Sources */,
				82E374F12909C90B002CFC26 /* WeatherWidget.intentdefinition in Sources */,
			);
			runOnlyForDeploymentPostprocessing = 0;
		};
		82E374DF2909C908002CFC26 /* Sources */ = {
			isa = PBXSourcesBuildPhase;
			buildActionMask = 2147483647;
			files = (
				82E375062909C9F2002CFC26 /* Weather.swift in Sources */,
				82E374EB2909C908002CFC26 /* WeatherWidget.swift in Sources */,
				82E375052909C9F2002CFC26 /* WeatherService.swift in Sources */,
				82E375072909C9F2002CFC26 /* WeatherUtils.swift in Sources */,
				82E374F02909C90B002CFC26 /* WeatherWidget.intentdefinition in Sources */,
				82E3750C2909C9F2002CFC26 /* WeatherWidgetView.swift in Sources */,
				82E375082909C9F2002CFC26 /* Date+Extensions.swift in Sources */,
			);
			runOnlyForDeploymentPostprocessing = 0;
		};
/* End PBXSourcesBuildPhase section */

/* Begin PBXTargetDependency section */
		82E374F32909C90B002CFC26 /* PBXTargetDependency */ = {
			isa = PBXTargetDependency;
			target = 82E374E22909C908002CFC26 /* WeatherWidgetExtension */;
			targetProxy = 82E374F22909C90B002CFC26 /* PBXContainerItemProxy */;
		};
/* End PBXTargetDependency section */

/* Begin XCBuildConfiguration section */
		82E374DA2909C8D3002CFC26 /* Debug */ = {
			isa = XCBuildConfiguration;
			buildSettings = {
				ALWAYS_SEARCH_USER_PATHS = NO;
				CLANG_ANALYZER_NONNULL = YES;
				CLANG_ANALYZER_NUMBER_OBJECT_CONVERSION = YES_AGGRESSIVE;
				CLANG_CXX_LANGUAGE_STANDARD = "gnu++20";
				CLANG_ENABLE_MODULES = YES;
				CLANG_ENABLE_OBJC_ARC = YES;
				CLANG_ENABLE_OBJC_WEAK = YES;
				CLANG_WARN_BLOCK_CAPTURE_AUTORELEASING = YES;
				CLANG_WARN_BOOL_CONVERSION = YES;
				CLANG_WARN_COMMA = YES;
				CLANG_WARN_CONSTANT_CONVERSION = YES;
				CLANG_WARN_DEPRECATED_OBJC_IMPLEMENTATIONS = YES;
				CLANG_WARN_DIRECT_OBJC_ISA_USAGE = YES_ERROR;
				CLANG_WARN_DOCUMENTATION_COMMENTS = YES;
				CLANG_WARN_EMPTY_BODY = YES;
				CLANG_WARN_ENUM_CONVERSION = YES;
				CLANG_WARN_INFINITE_RECURSION = YES;
				CLANG_WARN_INT_CONVERSION = YES;
				CLANG_WARN_NON_LITERAL_NULL_CONVERSION = YES;
				CLANG_WARN_OBJC_IMPLICIT_RETAIN_SELF = YES;
				CLANG_WARN_OBJC_LITERAL_CONVERSION = YES;
				CLANG_WARN_OBJC_ROOT_CLASS = YES_ERROR;
				CLANG_WARN_QUOTED_INCLUDE_IN_FRAMEWORK_HEADER = YES;
				CLANG_WARN_RANGE_LOOP_ANALYSIS = YES;
				CLANG_WARN_STRICT_PROTOTYPES = YES;
				CLANG_WARN_SUSPICIOUS_MOVE = YES;
				CLANG_WARN_UNGUARDED_AVAILABILITY = YES_AGGRESSIVE;
				CLANG_WARN_UNREACHABLE_CODE = YES;
				CLANG_WARN__DUPLICATE_METHOD_MATCH = YES;
				COPY_PHASE_STRIP = NO;
				DEBUG_INFORMATION_FORMAT = dwarf;
				ENABLE_STRICT_OBJC_MSGSEND = YES;
				ENABLE_TESTABILITY = YES;
				GCC_C_LANGUAGE_STANDARD = gnu11;
				GCC_DYNAMIC_NO_PIC = NO;
				GCC_NO_COMMON_BLOCKS = YES;
				GCC_OPTIMIZATION_LEVEL = 0;
				GCC_PREPROCESSOR_DEFINITIONS = (
					"DEBUG=1",
					"$(inherited)",
				);
				GCC_WARN_64_TO_32_BIT_CONVERSION = YES;
				GCC_WARN_ABOUT_RETURN_TYPE = YES_ERROR;
				GCC_WARN_UNDECLARED_SELECTOR = YES;
				GCC_WARN_UNINITIALIZED_AUTOS = YES_AGGRESSIVE;
				GCC_WARN_UNUSED_FUNCTION = YES;
				GCC_WARN_UNUSED_VARIABLE = YES;
				IPHONEOS_DEPLOYMENT_TARGET = 16.0;
				MTL_ENABLE_DEBUG_INFO = INCLUDE_SOURCE;
				MTL_FAST_MATH = YES;
				ONLY_ACTIVE_ARCH = YES;
				SDKROOT = iphoneos;
				SWIFT_ACTIVE_COMPILATION_CONDITIONS = DEBUG;
				SWIFT_OPTIMIZATION_LEVEL = "-Onone";
			};
			name = Debug;
		};
		82E374DB2909C8D3002CFC26 /* Release */ = {
			isa = XCBuildConfiguration;
			buildSettings = {
				ALWAYS_SEARCH_USER_PATHS = NO;
				CLANG_ANALYZER_NONNULL = YES;
				CLANG_ANALYZER_NUMBER_OBJECT_CONVERSION = YES_AGGRESSIVE;
				CLANG_CXX_LANGUAGE_STANDARD = "gnu++20";
				CLANG_ENABLE_MODULES = YES;
				CLANG_ENABLE_OBJC_ARC = YES;
				CLANG_ENABLE_OBJC_WEAK = YES;
				CLANG_WARN_BLOCK_CAPTURE_AUTORELEASING = YES;
				CLANG_WARN_BOOL_CONVERSION = YES;
				CLANG_WARN_COMMA = YES;
				CLANG_WARN_CONSTANT_CONVERSION = YES;
				CLANG_WARN_DEPRECATED_OBJC_IMPLEMENTATIONS = YES;
				CLANG_WARN_DIRECT_OBJC_ISA_USAGE = YES_ERROR;
				CLANG_WARN_DOCUMENTATION_COMMENTS = YES;
				CLANG_WARN_EMPTY_BODY = YES;
				CLANG_WARN_ENUM_CONVERSION = YES;
				CLANG_WARN_INFINITE_RECURSION = YES;
				CLANG_WARN_INT_CONVERSION = YES;
				CLANG_WARN_NON_LITERAL_NULL_CONVERSION = YES;
				CLANG_WARN_OBJC_IMPLICIT_RETAIN_SELF = YES;
				CLANG_WARN_OBJC_LITERAL_CONVERSION = YES;
				CLANG_WARN_OBJC_ROOT_CLASS = YES_ERROR;
				CLANG_WARN_QUOTED_INCLUDE_IN_FRAMEWORK_HEADER = YES;
				CLANG_WARN_RANGE_LOOP_ANALYSIS = YES;
				CLANG_WARN_STRICT_PROTOTYPES = YES;
				CLANG_WARN_SUSPICIOUS_MOVE = YES;
				CLANG_WARN_UNGUARDED_AVAILABILITY = YES_AGGRESSIVE;
				CLANG_WARN_UNREACHABLE_CODE = YES;
				CLANG_WARN__DUPLICATE_METHOD_MATCH = YES;
				COPY_PHASE_STRIP = NO;
				DEBUG_INFORMATION_FORMAT = "dwarf-with-dsym";
				ENABLE_NS_ASSERTIONS = NO;
				ENABLE_STRICT_OBJC_MSGSEND = YES;
				GCC_C_LANGUAGE_STANDARD = gnu11;
				GCC_NO_COMMON_BLOCKS = YES;
				GCC_WARN_64_TO_32_BIT_CONVERSION = YES;
				GCC_WARN_ABOUT_RETURN_TYPE = YES_ERROR;
				GCC_WARN_UNDECLARED_SELECTOR = YES;
				GCC_WARN_UNINITIALIZED_AUTOS = YES_AGGRESSIVE;
				GCC_WARN_UNUSED_FUNCTION = YES;
				GCC_WARN_UNUSED_VARIABLE = YES;
				IPHONEOS_DEPLOYMENT_TARGET = 16.0;
				MTL_ENABLE_DEBUG_INFO = NO;
				MTL_FAST_MATH = YES;
				SDKROOT = iphoneos;
				SWIFT_COMPILATION_MODE = wholemodule;
				SWIFT_OPTIMIZATION_LEVEL = "-O";
				VALIDATE_PRODUCT = YES;
			};
			name = Release;
		};
		82E374DD2909C8D3002CFC26 /* Debug */ = {
			isa = XCBuildConfiguration;
			buildSettings = {
				ALWAYS_EMBED_SWIFT_STANDARD_LIBRARIES = YES;
				ASSETCATALOG_COMPILER_APPICON_NAME = AppIcon;
				ASSETCATALOG_COMPILER_GLOBAL_ACCENT_COLOR_NAME = AccentColor;
				CODE_SIGN_STYLE = Automatic;
				CURRENT_PROJECT_VERSION = 1;
				DEVELOPMENT_ASSET_PATHS = "\"SegmentWeatherWidget/Preview Content\"";
				DEVELOPMENT_TEAM = V8R4668S2H;
				ENABLE_PREVIEWS = YES;
				GENERATE_INFOPLIST_FILE = YES;
				INFOPLIST_FILE = SegmentWeatherWidget/Info.plist;
				INFOPLIST_KEY_UIApplicationSceneManifest_Generation = YES;
				INFOPLIST_KEY_UIApplicationSupportsIndirectInputEvents = YES;
				INFOPLIST_KEY_UILaunchScreen_Generation = YES;
				INFOPLIST_KEY_UISupportedInterfaceOrientations_iPad = "UIInterfaceOrientationPortrait UIInterfaceOrientationPortraitUpsideDown UIInterfaceOrientationLandscapeLeft UIInterfaceOrientationLandscapeRight";
				INFOPLIST_KEY_UISupportedInterfaceOrientations_iPhone = "UIInterfaceOrientationPortrait UIInterfaceOrientationLandscapeLeft UIInterfaceOrientationLandscapeRight";
				LD_RUNPATH_SEARCH_PATHS = (
					"$(inherited)",
					"@executable_path/Frameworks",
				);
				MARKETING_VERSION = 1.0;
				PRODUCT_BUNDLE_IDENTIFIER = com.AlanCharles.SegmentWeatherWidget;
				PRODUCT_NAME = "$(TARGET_NAME)";
				SWIFT_EMIT_LOC_STRINGS = YES;
				SWIFT_VERSION = 5.0;
				TARGETED_DEVICE_FAMILY = "1,2";
			};
			name = Debug;
		};
		82E374DE2909C8D3002CFC26 /* Release */ = {
			isa = XCBuildConfiguration;
			buildSettings = {
				ALWAYS_EMBED_SWIFT_STANDARD_LIBRARIES = YES;
				ASSETCATALOG_COMPILER_APPICON_NAME = AppIcon;
				ASSETCATALOG_COMPILER_GLOBAL_ACCENT_COLOR_NAME = AccentColor;
				CODE_SIGN_STYLE = Automatic;
				CURRENT_PROJECT_VERSION = 1;
				DEVELOPMENT_ASSET_PATHS = "\"SegmentWeatherWidget/Preview Content\"";
				DEVELOPMENT_TEAM = V8R4668S2H;
				ENABLE_PREVIEWS = YES;
				GENERATE_INFOPLIST_FILE = YES;
				INFOPLIST_FILE = SegmentWeatherWidget/Info.plist;
				INFOPLIST_KEY_UIApplicationSceneManifest_Generation = YES;
				INFOPLIST_KEY_UIApplicationSupportsIndirectInputEvents = YES;
				INFOPLIST_KEY_UILaunchScreen_Generation = YES;
				INFOPLIST_KEY_UISupportedInterfaceOrientations_iPad = "UIInterfaceOrientationPortrait UIInterfaceOrientationPortraitUpsideDown UIInterfaceOrientationLandscapeLeft UIInterfaceOrientationLandscapeRight";
				INFOPLIST_KEY_UISupportedInterfaceOrientations_iPhone = "UIInterfaceOrientationPortrait UIInterfaceOrientationLandscapeLeft UIInterfaceOrientationLandscapeRight";
				LD_RUNPATH_SEARCH_PATHS = (
					"$(inherited)",
					"@executable_path/Frameworks",
				);
				MARKETING_VERSION = 1.0;
				PRODUCT_BUNDLE_IDENTIFIER = com.AlanCharles.SegmentWeatherWidget;
				PRODUCT_NAME = "$(TARGET_NAME)";
				SWIFT_EMIT_LOC_STRINGS = YES;
				SWIFT_VERSION = 5.0;
				TARGETED_DEVICE_FAMILY = "1,2";
			};
			name = Release;
		};
		82E374F62909C90B002CFC26 /* Debug */ = {
			isa = XCBuildConfiguration;
			buildSettings = {
				ASSETCATALOG_COMPILER_GLOBAL_ACCENT_COLOR_NAME = AccentColor;
				ASSETCATALOG_COMPILER_WIDGET_BACKGROUND_COLOR_NAME = WidgetBackground;
				CODE_SIGN_STYLE = Automatic;
				CURRENT_PROJECT_VERSION = 1;
				DEVELOPMENT_TEAM = V8R4668S2H;
				GENERATE_INFOPLIST_FILE = YES;
				INFOPLIST_FILE = WeatherWidget/Info.plist;
				INFOPLIST_KEY_CFBundleDisplayName = WeatherWidget;
				INFOPLIST_KEY_NSHumanReadableCopyright = "";
				LD_RUNPATH_SEARCH_PATHS = (
					"$(inherited)",
					"@executable_path/Frameworks",
					"@executable_path/../../Frameworks",
				);
				MARKETING_VERSION = 1.0;
				PRODUCT_BUNDLE_IDENTIFIER = com.AlanCharles.SegmentWeatherWidget.WeatherWidget;
				PRODUCT_NAME = "$(TARGET_NAME)";
				SKIP_INSTALL = YES;
				SWIFT_EMIT_LOC_STRINGS = YES;
				SWIFT_VERSION = 5.0;
				TARGETED_DEVICE_FAMILY = "1,2";
			};
			name = Debug;
		};
		82E374F72909C90B002CFC26 /* Release */ = {
			isa = XCBuildConfiguration;
			buildSettings = {
				ASSETCATALOG_COMPILER_GLOBAL_ACCENT_COLOR_NAME = AccentColor;
				ASSETCATALOG_COMPILER_WIDGET_BACKGROUND_COLOR_NAME = WidgetBackground;
				CODE_SIGN_STYLE = Automatic;
				CURRENT_PROJECT_VERSION = 1;
				DEVELOPMENT_TEAM = V8R4668S2H;
				GENERATE_INFOPLIST_FILE = YES;
				INFOPLIST_FILE = WeatherWidget/Info.plist;
				INFOPLIST_KEY_CFBundleDisplayName = WeatherWidget;
				INFOPLIST_KEY_NSHumanReadableCopyright = "";
				LD_RUNPATH_SEARCH_PATHS = (
					"$(inherited)",
					"@executable_path/Frameworks",
					"@executable_path/../../Frameworks",
				);
				MARKETING_VERSION = 1.0;
				PRODUCT_BUNDLE_IDENTIFIER = com.AlanCharles.SegmentWeatherWidget.WeatherWidget;
				PRODUCT_NAME = "$(TARGET_NAME)";
				SKIP_INSTALL = YES;
				SWIFT_EMIT_LOC_STRINGS = YES;
				SWIFT_VERSION = 5.0;
				TARGETED_DEVICE_FAMILY = "1,2";
			};
			name = Release;
		};
/* End XCBuildConfiguration section */

/* Begin XCConfigurationList section */
		82E374C92909C8D1002CFC26 /* Build configuration list for PBXProject "SegmentWeatherWidget" */ = {
			isa = XCConfigurationList;
			buildConfigurations = (
				82E374DA2909C8D3002CFC26 /* Debug */,
				82E374DB2909C8D3002CFC26 /* Release */,
			);
			defaultConfigurationIsVisible = 0;
			defaultConfigurationName = Release;
		};
		82E374DC2909C8D3002CFC26 /* Build configuration list for PBXNativeTarget "SegmentWeatherWidget" */ = {
			isa = XCConfigurationList;
			buildConfigurations = (
				82E374DD2909C8D3002CFC26 /* Debug */,
				82E374DE2909C8D3002CFC26 /* Release */,
			);
			defaultConfigurationIsVisible = 0;
			defaultConfigurationName = Release;
		};
		82E374F52909C90B002CFC26 /* Build configuration list for PBXNativeTarget "WeatherWidgetExtension" */ = {
			isa = XCConfigurationList;
			buildConfigurations = (
				82E374F62909C90B002CFC26 /* Debug */,
				82E374F72909C90B002CFC26 /* Release */,
			);
			defaultConfigurationIsVisible = 0;
			defaultConfigurationName = Release;
		};
/* End XCConfigurationList section */

/* Begin XCSwiftPackageProductDependency section */
		82C21C9D2913169C00121B41 /* Segment */ = {
			isa = XCSwiftPackageProductDependency;
			productName = Segment;
		};
		82C21C9F291316B500121B41 /* Segment */ = {
			isa = XCSwiftPackageProductDependency;
			productName = Segment;
		};
/* End XCSwiftPackageProductDependency section */
	};
	rootObject = 82E374C62909C8D1002CFC26 /* Project object */;
}
