// !$*UTF8*$!
{
	archiveVersion = 1;
	classes = {
	};
	objectVersion = 46;
	objects = {

/* Begin PBXAggregateTarget section */
		"Segment::SegmentPackageTests::ProductTarget" /* SegmentPackageTests */ = {
			isa = PBXAggregateTarget;
			buildConfigurationList = OBJ_42 /* Build configuration list for PBXAggregateTarget "SegmentPackageTests" */;
			buildPhases = (
			);
			dependencies = (
				OBJ_45 /* PBXTargetDependency */,
			);
			name = SegmentPackageTests;
			productName = SegmentPackageTests;
		};
/* End PBXAggregateTarget section */

/* Begin PBXBuildFile section */
		96208625256DC23F00314F8D /* Sovran.framework in Frameworks */ = {isa = PBXBuildFile; fileRef = 9620861D256DC21B00314F8D /* Sovran.framework */; };
		96208626256DC23F00314F8D /* Sovran.framework in Embed Frameworks */ = {isa = PBXBuildFile; fileRef = 9620861D256DC21B00314F8D /* Sovran.framework */; settings = {ATTRIBUTES = (CodeSignOnCopy, RemoveHeadersOnCopy, ); }; };
		9620862C2575C0C800314F8D /* Events.swift in Sources */ = {isa = PBXBuildFile; fileRef = 9620862B2575C0C800314F8D /* Events.swift */; };
		96208650257AA83E00314F8D /* iOSLifecycleEvents.swift in Sources */ = {isa = PBXBuildFile; fileRef = 9620864F257AA83E00314F8D /* iOSLifecycleEvents.swift */; };
		A31A16262576B6F200C9CDDF /* Timeline.swift in Sources */ = {isa = PBXBuildFile; fileRef = A31A16252576B6F200C9CDDF /* Timeline.swift */; };
		A31A162F2576B73F00C9CDDF /* State.swift in Sources */ = {isa = PBXBuildFile; fileRef = A31A162E2576B73F00C9CDDF /* State.swift */; };
		A31A16342576B7AF00C9CDDF /* Types.swift in Sources */ = {isa = PBXBuildFile; fileRef = A31A16332576B7AF00C9CDDF /* Types.swift */; };
		A31A16512576C47400C9CDDF /* JSONTests.swift in Sources */ = {isa = PBXBuildFile; fileRef = A31A16502576C47400C9CDDF /* JSONTests.swift */; };
		A31A16B225781CB400C9CDDF /* JSON.swift in Sources */ = {isa = PBXBuildFile; fileRef = A31A16A425780E8D00C9CDDF /* JSON.swift */; };
		A31A16CA25794D9700C9CDDF /* Extension.swift in Sources */ = {isa = PBXBuildFile; fileRef = A31A16C225794BEF00C9CDDF /* Extension.swift */; };
		A31A16D125794DA300C9CDDF /* Mediator.swift in Sources */ = {isa = PBXBuildFile; fileRef = A31A16BD25794BC300C9CDDF /* Mediator.swift */; };
		A31A16E12579779600C9CDDF /* Version.swift in Sources */ = {isa = PBXBuildFile; fileRef = A31A16D9257976FB00C9CDDF /* Version.swift */; };
		A3471FBE256487F000965480 /* Configuration.swift in Sources */ = {isa = PBXBuildFile; fileRef = A3471FBD256487F000965480 /* Configuration.swift */; };
		A3AEE136257EB010002386EB /* AssociatedObject.swift in Sources */ = {isa = PBXBuildFile; fileRef = A3AEE135257EB010002386EB /* AssociatedObject.swift */; };
		A3AEE14A2580208E002386EB /* iso8601.swift in Sources */ = {isa = PBXBuildFile; fileRef = A3AEE1492580208E002386EB /* iso8601.swift */; };
		A3AEE15625802FB8002386EB /* Lifecycle.swift in Sources */ = {isa = PBXBuildFile; fileRef = A3AEE15525802FB8002386EB /* Lifecycle.swift */; };
		OBJ_23 /* Analytics.swift in Sources */ = {isa = PBXBuildFile; fileRef = OBJ_9 /* Analytics.swift */; };
		OBJ_30 /* Segment_Tests.swift in Sources */ = {isa = PBXBuildFile; fileRef = OBJ_12 /* Segment_Tests.swift */; };
		OBJ_31 /* XCTestManifests.swift in Sources */ = {isa = PBXBuildFile; fileRef = OBJ_13 /* XCTestManifests.swift */; };
		OBJ_33 /* Segment.framework in Frameworks */ = {isa = PBXBuildFile; fileRef = "Segment::Segment::Product" /* Segment.framework */; };
		OBJ_40 /* Package.swift in Sources */ = {isa = PBXBuildFile; fileRef = OBJ_6 /* Package.swift */; };
/* End PBXBuildFile section */

/* Begin PBXContainerItemProxy section */
		9620861C256DC21B00314F8D /* PBXContainerItemProxy */ = {
			isa = PBXContainerItemProxy;
			containerPortal = 96208615256DC21B00314F8D /* Sovran.xcodeproj */;
			proxyType = 2;
			remoteGlobalIDString = "Sovran::Sovran::Product";
			remoteInfo = Sovran;
		};
		9620861E256DC21B00314F8D /* PBXContainerItemProxy */ = {
			isa = PBXContainerItemProxy;
			containerPortal = 96208615256DC21B00314F8D /* Sovran.xcodeproj */;
			proxyType = 2;
			remoteGlobalIDString = "Sovran::SovranTests::Product";
			remoteInfo = SovranTests;
		};
		A3471FB7256487B500965480 /* PBXContainerItemProxy */ = {
			isa = PBXContainerItemProxy;
			containerPortal = OBJ_1 /* Project object */;
			proxyType = 1;
			remoteGlobalIDString = "Segment::Segment";
			remoteInfo = Segment;
		};
		A3471FBB256487B700965480 /* PBXContainerItemProxy */ = {
			isa = PBXContainerItemProxy;
			containerPortal = OBJ_1 /* Project object */;
			proxyType = 1;
			remoteGlobalIDString = "Segment::Segment-Tests";
			remoteInfo = "Segment-Tests";
		};
/* End PBXContainerItemProxy section */

/* Begin PBXCopyFilesBuildPhase section */
		96208627256DC23F00314F8D /* Embed Frameworks */ = {
			isa = PBXCopyFilesBuildPhase;
			buildActionMask = 2147483647;
			dstPath = "";
			dstSubfolderSpec = 10;
			files = (
				96208626256DC23F00314F8D /* Sovran.framework in Embed Frameworks */,
			);
			name = "Embed Frameworks";
			runOnlyForDeploymentPostprocessing = 0;
		};
/* End PBXCopyFilesBuildPhase section */

/* Begin PBXFileReference section */
		96208615256DC21B00314F8D /* Sovran.xcodeproj */ = {isa = PBXFileReference; lastKnownFileType = "wrapper.pb-project"; name = Sovran.xcodeproj; path = "Sovran-Swift/Sovran.xcodeproj"; sourceTree = "<group>"; };
		9620862B2575C0C800314F8D /* Events.swift */ = {isa = PBXFileReference; lastKnownFileType = sourcecode.swift; path = Events.swift; sourceTree = "<group>"; };
		962086482579CCC200314F8D /* Cocoa.framework */ = {isa = PBXFileReference; lastKnownFileType = wrapper.framework; name = Cocoa.framework; path = System/Library/Frameworks/Cocoa.framework; sourceTree = SDKROOT; };
		9620864F257AA83E00314F8D /* iOSLifecycleEvents.swift */ = {isa = PBXFileReference; lastKnownFileType = sourcecode.swift; path = iOSLifecycleEvents.swift; sourceTree = "<group>"; };
		A31A16252576B6F200C9CDDF /* Timeline.swift */ = {isa = PBXFileReference; lastKnownFileType = sourcecode.swift; path = Timeline.swift; sourceTree = "<group>"; };
		A31A162E2576B73F00C9CDDF /* State.swift */ = {isa = PBXFileReference; lastKnownFileType = sourcecode.swift; path = State.swift; sourceTree = "<group>"; };
		A31A16332576B7AF00C9CDDF /* Types.swift */ = {isa = PBXFileReference; lastKnownFileType = sourcecode.swift; path = Types.swift; sourceTree = "<group>"; };
		A31A16502576C47400C9CDDF /* JSONTests.swift */ = {isa = PBXFileReference; lastKnownFileType = sourcecode.swift; path = JSONTests.swift; sourceTree = "<group>"; };
		A31A16A425780E8D00C9CDDF /* JSON.swift */ = {isa = PBXFileReference; lastKnownFileType = sourcecode.swift; path = JSON.swift; sourceTree = "<group>"; };
		A31A16BD25794BC300C9CDDF /* Mediator.swift */ = {isa = PBXFileReference; lastKnownFileType = sourcecode.swift; path = Mediator.swift; sourceTree = "<group>"; };
		A31A16C225794BEF00C9CDDF /* Extension.swift */ = {isa = PBXFileReference; lastKnownFileType = sourcecode.swift; path = Extension.swift; sourceTree = "<group>"; };
		A31A16D9257976FB00C9CDDF /* Version.swift */ = {isa = PBXFileReference; lastKnownFileType = sourcecode.swift; path = Version.swift; sourceTree = "<group>"; };
		A3471FBD256487F000965480 /* Configuration.swift */ = {isa = PBXFileReference; lastKnownFileType = sourcecode.swift; path = Configuration.swift; sourceTree = "<group>"; };
		A3AEE135257EB010002386EB /* AssociatedObject.swift */ = {isa = PBXFileReference; lastKnownFileType = sourcecode.swift; path = AssociatedObject.swift; sourceTree = "<group>"; };
		A3AEE1492580208E002386EB /* iso8601.swift */ = {isa = PBXFileReference; lastKnownFileType = sourcecode.swift; path = iso8601.swift; sourceTree = "<group>"; };
		A3AEE15525802FB8002386EB /* Lifecycle.swift */ = {isa = PBXFileReference; lastKnownFileType = sourcecode.swift; path = Lifecycle.swift; sourceTree = "<group>"; };
		OBJ_12 /* Segment_Tests.swift */ = {isa = PBXFileReference; lastKnownFileType = sourcecode.swift; path = Segment_Tests.swift; sourceTree = "<group>"; };
		OBJ_13 /* XCTestManifests.swift */ = {isa = PBXFileReference; lastKnownFileType = sourcecode.swift; path = XCTestManifests.swift; sourceTree = "<group>"; };
		OBJ_17 /* README.md */ = {isa = PBXFileReference; lastKnownFileType = net.daringfireball.markdown; path = README.md; sourceTree = "<group>"; };
		OBJ_6 /* Package.swift */ = {isa = PBXFileReference; explicitFileType = sourcecode.swift; path = Package.swift; sourceTree = "<group>"; };
		OBJ_9 /* Analytics.swift */ = {isa = PBXFileReference; lastKnownFileType = sourcecode.swift; path = Analytics.swift; sourceTree = "<group>"; };
		"Segment::Segment-Tests::Product" /* Segment_Tests.xctest */ = {isa = PBXFileReference; lastKnownFileType = file; name = Segment_Tests.xctest; path = "Segment-Tests.xctest"; sourceTree = BUILT_PRODUCTS_DIR; };
		"Segment::Segment::Product" /* Segment.framework */ = {isa = PBXFileReference; explicitFileType = wrapper.framework; path = Segment.framework; sourceTree = BUILT_PRODUCTS_DIR; };
/* End PBXFileReference section */

/* Begin PBXFrameworksBuildPhase section */
		OBJ_24 /* Frameworks */ = {
			isa = PBXFrameworksBuildPhase;
			buildActionMask = 0;
			files = (
				96208625256DC23F00314F8D /* Sovran.framework in Frameworks */,
			);
			runOnlyForDeploymentPostprocessing = 0;
		};
		OBJ_32 /* Frameworks */ = {
			isa = PBXFrameworksBuildPhase;
			buildActionMask = 0;
			files = (
				OBJ_33 /* Segment.framework in Frameworks */,
			);
			runOnlyForDeploymentPostprocessing = 0;
		};
/* End PBXFrameworksBuildPhase section */

/* Begin PBXGroup section */
		962085EA256DC21000314F8D /* Libraries */ = {
			isa = PBXGroup;
			children = (
				96208615256DC21B00314F8D /* Sovran.xcodeproj */,
			);
			path = Libraries;
			sourceTree = "<group>";
		};
		96208616256DC21B00314F8D /* Products */ = {
			isa = PBXGroup;
			children = (
				9620861D256DC21B00314F8D /* Sovran.framework */,
				9620861F256DC21B00314F8D /* SovranTests.xctest */,
			);
			name = Products;
			sourceTree = "<group>";
		};
		96208624256DC23F00314F8D /* Frameworks */ = {
			isa = PBXGroup;
			children = (
				962086482579CCC200314F8D /* Cocoa.framework */,
			);
			name = Frameworks;
			sourceTree = "<group>";
		};
		9620864E257AA82900314F8D /* Extensions */ = {
			isa = PBXGroup;
			children = (
				9620864F257AA83E00314F8D /* iOSLifecycleEvents.swift */,
			);
			path = Extensions;
			sourceTree = "<group>";
		};
		A31A16A325780A8D00C9CDDF /* Utilities */ = {
			isa = PBXGroup;
			children = (
				A31A16A425780E8D00C9CDDF /* JSON.swift */,
				A3AEE135257EB010002386EB /* AssociatedObject.swift */,
				A3AEE1492580208E002386EB /* iso8601.swift */,
			);
			path = Utilities;
			sourceTree = "<group>";
		};
		OBJ_10 /* Tests */ = {
			isa = PBXGroup;
			children = (
				OBJ_11 /* Segment-Tests */,
			);
			name = Tests;
			sourceTree = SOURCE_ROOT;
		};
		OBJ_11 /* Segment-Tests */ = {
			isa = PBXGroup;
			children = (
				OBJ_12 /* Segment_Tests.swift */,
				A31A16502576C47400C9CDDF /* JSONTests.swift */,
				OBJ_13 /* XCTestManifests.swift */,
			);
			name = "Segment-Tests";
			path = "Tests/Segment-Tests";
			sourceTree = SOURCE_ROOT;
		};
		OBJ_14 /* Products */ = {
			isa = PBXGroup;
			children = (
				"Segment::Segment::Product" /* Segment.framework */,
				"Segment::Segment-Tests::Product" /* Segment_Tests.xctest */,
			);
			name = Products;
			sourceTree = BUILT_PRODUCTS_DIR;
		};
		OBJ_5 = {
			isa = PBXGroup;
			children = (
				OBJ_7 /* Sources */,
				OBJ_10 /* Tests */,
				962085EA256DC21000314F8D /* Libraries */,
				OBJ_6 /* Package.swift */,
				OBJ_17 /* README.md */,
				OBJ_14 /* Products */,
				96208624256DC23F00314F8D /* Frameworks */,
			);
			sourceTree = "<group>";
		};
		OBJ_7 /* Sources */ = {
			isa = PBXGroup;
			children = (
				OBJ_8 /* Segment */,
			);
			name = Sources;
			sourceTree = SOURCE_ROOT;
		};
		OBJ_8 /* Segment */ = {
			isa = PBXGroup;
			children = (
				9620864E257AA82900314F8D /* Extensions */,
				A31A16A325780A8D00C9CDDF /* Utilities */,
				OBJ_9 /* Analytics.swift */,
				9620862B2575C0C800314F8D /* Events.swift */,
				A31A16BD25794BC300C9CDDF /* Mediator.swift */,
				A31A16C225794BEF00C9CDDF /* Extension.swift */,
				A3471FBD256487F000965480 /* Configuration.swift */,
				A31A16252576B6F200C9CDDF /* Timeline.swift */,
				A31A16332576B7AF00C9CDDF /* Types.swift */,
				A31A162E2576B73F00C9CDDF /* State.swift */,
				A31A16D9257976FB00C9CDDF /* Version.swift */,
				A3AEE15525802FB8002386EB /* Lifecycle.swift */,
			);
			name = Segment;
			path = Sources/Segment;
			sourceTree = SOURCE_ROOT;
		};
/* End PBXGroup section */

/* Begin PBXNativeTarget section */
		"Segment::Segment" /* Segment */ = {
			isa = PBXNativeTarget;
			buildConfigurationList = OBJ_19 /* Build configuration list for PBXNativeTarget "Segment" */;
			buildPhases = (
				OBJ_22 /* Sources */,
				OBJ_24 /* Frameworks */,
				96208627256DC23F00314F8D /* Embed Frameworks */,
			);
			buildRules = (
			);
			dependencies = (
			);
			name = Segment;
			productName = Segment;
			productReference = "Segment::Segment::Product" /* Segment.framework */;
			productType = "com.apple.product-type.framework";
		};
		"Segment::Segment-Tests" /* Segment-Tests */ = {
			isa = PBXNativeTarget;
			buildConfigurationList = OBJ_26 /* Build configuration list for PBXNativeTarget "Segment-Tests" */;
			buildPhases = (
				OBJ_29 /* Sources */,
				OBJ_32 /* Frameworks */,
			);
			buildRules = (
			);
			dependencies = (
				OBJ_34 /* PBXTargetDependency */,
			);
			name = "Segment-Tests";
			productName = Segment_Tests;
			productReference = "Segment::Segment-Tests::Product" /* Segment_Tests.xctest */;
			productType = "com.apple.product-type.bundle.unit-test";
		};
		"Segment::SwiftPMPackageDescription" /* SegmentPackageDescription */ = {
			isa = PBXNativeTarget;
			buildConfigurationList = OBJ_36 /* Build configuration list for PBXNativeTarget "SegmentPackageDescription" */;
			buildPhases = (
				OBJ_39 /* Sources */,
			);
			buildRules = (
			);
			dependencies = (
			);
			name = SegmentPackageDescription;
			productName = SegmentPackageDescription;
			productType = "com.apple.product-type.framework";
		};
/* End PBXNativeTarget section */

/* Begin PBXProject section */
		OBJ_1 /* Project object */ = {
			isa = PBXProject;
			attributes = {
				LastSwiftMigration = 9999;
				LastUpgradeCheck = 9999;
			};
			buildConfigurationList = OBJ_2 /* Build configuration list for PBXProject "Segment" */;
			compatibilityVersion = "Xcode 3.2";
			developmentRegion = en;
			hasScannedForEncodings = 0;
			knownRegions = (
				en,
			);
			mainGroup = OBJ_5;
			productRefGroup = OBJ_14 /* Products */;
			projectDirPath = "";
			projectReferences = (
				{
					ProductGroup = 96208616256DC21B00314F8D /* Products */;
					ProjectRef = 96208615256DC21B00314F8D /* Sovran.xcodeproj */;
				},
			);
			projectRoot = "";
			targets = (
				"Segment::Segment" /* Segment */,
				"Segment::Segment-Tests" /* Segment-Tests */,
				"Segment::SwiftPMPackageDescription" /* SegmentPackageDescription */,
				"Segment::SegmentPackageTests::ProductTarget" /* SegmentPackageTests */,
			);
		};
/* End PBXProject section */

/* Begin PBXReferenceProxy section */
		9620861D256DC21B00314F8D /* Sovran.framework */ = {
			isa = PBXReferenceProxy;
			fileType = wrapper.framework;
			path = Sovran.framework;
			remoteRef = 9620861C256DC21B00314F8D /* PBXContainerItemProxy */;
			sourceTree = BUILT_PRODUCTS_DIR;
		};
		9620861F256DC21B00314F8D /* SovranTests.xctest */ = {
			isa = PBXReferenceProxy;
			fileType = file;
			path = SovranTests.xctest;
			remoteRef = 9620861E256DC21B00314F8D /* PBXContainerItemProxy */;
			sourceTree = BUILT_PRODUCTS_DIR;
		};
/* End PBXReferenceProxy section */

/* Begin PBXSourcesBuildPhase section */
		OBJ_22 /* Sources */ = {
			isa = PBXSourcesBuildPhase;
			buildActionMask = 0;
			files = (
				A3AEE14A2580208E002386EB /* iso8601.swift in Sources */,
				A31A16D125794DA300C9CDDF /* Mediator.swift in Sources */,
				A31A16262576B6F200C9CDDF /* Timeline.swift in Sources */,
				A31A16B225781CB400C9CDDF /* JSON.swift in Sources */,
				A3471FBE256487F000965480 /* Configuration.swift in Sources */,
				OBJ_23 /* Analytics.swift in Sources */,
				A3AEE136257EB010002386EB /* AssociatedObject.swift in Sources */,
				A31A16342576B7AF00C9CDDF /* Types.swift in Sources */,
				A31A16E12579779600C9CDDF /* Version.swift in Sources */,
				A31A162F2576B73F00C9CDDF /* State.swift in Sources */,
				A3AEE15625802FB8002386EB /* Lifecycle.swift in Sources */,
				9620862C2575C0C800314F8D /* Events.swift in Sources */,
				A31A16CA25794D9700C9CDDF /* Extension.swift in Sources */,
				96208650257AA83E00314F8D /* iOSLifecycleEvents.swift in Sources */,
			);
			runOnlyForDeploymentPostprocessing = 0;
		};
		OBJ_29 /* Sources */ = {
			isa = PBXSourcesBuildPhase;
			buildActionMask = 0;
			files = (
				OBJ_30 /* Segment_Tests.swift in Sources */,
				OBJ_31 /* XCTestManifests.swift in Sources */,
				A31A16512576C47400C9CDDF /* JSONTests.swift in Sources */,
			);
			runOnlyForDeploymentPostprocessing = 0;
		};
		OBJ_39 /* Sources */ = {
			isa = PBXSourcesBuildPhase;
			buildActionMask = 0;
			files = (
				OBJ_40 /* Package.swift in Sources */,
			);
			runOnlyForDeploymentPostprocessing = 0;
		};
/* End PBXSourcesBuildPhase section */

/* Begin PBXTargetDependency section */
		OBJ_34 /* PBXTargetDependency */ = {
			isa = PBXTargetDependency;
			target = "Segment::Segment" /* Segment */;
			targetProxy = A3471FB7256487B500965480 /* PBXContainerItemProxy */;
		};
		OBJ_45 /* PBXTargetDependency */ = {
			isa = PBXTargetDependency;
			target = "Segment::Segment-Tests" /* Segment-Tests */;
			targetProxy = A3471FBB256487B700965480 /* PBXContainerItemProxy */;
		};
/* End PBXTargetDependency section */

/* Begin XCBuildConfiguration section */
		OBJ_20 /* Debug */ = {
			isa = XCBuildConfiguration;
			buildSettings = {
				ENABLE_TESTABILITY = YES;
				FRAMEWORK_SEARCH_PATHS = (
					"$(inherited)",
					"$(PLATFORM_DIR)/Developer/Library/Frameworks",
				);
				HEADER_SEARCH_PATHS = "$(inherited)";
				INFOPLIST_FILE = Segment.xcodeproj/Segment_Info.plist;
				IPHONEOS_DEPLOYMENT_TARGET = 9.0;
				LD_RUNPATH_SEARCH_PATHS = "$(inherited) $(TOOLCHAIN_DIR)/usr/lib/swift/macosx";
				MACOSX_DEPLOYMENT_TARGET = 10.10;
				OTHER_CFLAGS = "$(inherited)";
				OTHER_LDFLAGS = "$(inherited)";
				OTHER_SWIFT_FLAGS = "$(inherited)";
				PRODUCT_BUNDLE_IDENTIFIER = Segment;
				PRODUCT_MODULE_NAME = "$(TARGET_NAME:c99extidentifier)";
				PRODUCT_NAME = "$(TARGET_NAME:c99extidentifier)";
				SKIP_INSTALL = YES;
				SWIFT_ACTIVE_COMPILATION_CONDITIONS = "$(inherited)";
				SWIFT_VERSION = 5.0;
				TARGET_NAME = Segment;
				TVOS_DEPLOYMENT_TARGET = 9.0;
				WATCHOS_DEPLOYMENT_TARGET = 2.0;
			};
			name = Debug;
		};
		OBJ_21 /* Release */ = {
			isa = XCBuildConfiguration;
			buildSettings = {
				ENABLE_TESTABILITY = YES;
				FRAMEWORK_SEARCH_PATHS = (
					"$(inherited)",
					"$(PLATFORM_DIR)/Developer/Library/Frameworks",
				);
				HEADER_SEARCH_PATHS = "$(inherited)";
				INFOPLIST_FILE = Segment.xcodeproj/Segment_Info.plist;
				IPHONEOS_DEPLOYMENT_TARGET = 9.0;
				LD_RUNPATH_SEARCH_PATHS = "$(inherited) $(TOOLCHAIN_DIR)/usr/lib/swift/macosx";
				MACOSX_DEPLOYMENT_TARGET = 10.10;
				OTHER_CFLAGS = "$(inherited)";
				OTHER_LDFLAGS = "$(inherited)";
				OTHER_SWIFT_FLAGS = "$(inherited)";
				PRODUCT_BUNDLE_IDENTIFIER = Segment;
				PRODUCT_MODULE_NAME = "$(TARGET_NAME:c99extidentifier)";
				PRODUCT_NAME = "$(TARGET_NAME:c99extidentifier)";
				SKIP_INSTALL = YES;
				SWIFT_ACTIVE_COMPILATION_CONDITIONS = "$(inherited)";
				SWIFT_VERSION = 5.0;
				TARGET_NAME = Segment;
				TVOS_DEPLOYMENT_TARGET = 9.0;
				WATCHOS_DEPLOYMENT_TARGET = 2.0;
			};
			name = Release;
		};
		OBJ_27 /* Debug */ = {
			isa = XCBuildConfiguration;
			buildSettings = {
				CLANG_ENABLE_MODULES = YES;
				EMBEDDED_CONTENT_CONTAINS_SWIFT = YES;
				FRAMEWORK_SEARCH_PATHS = (
					"$(inherited)",
					"$(PLATFORM_DIR)/Developer/Library/Frameworks",
				);
				HEADER_SEARCH_PATHS = "$(inherited)";
				INFOPLIST_FILE = Segment.xcodeproj/Segment_Tests_Info.plist;
				IPHONEOS_DEPLOYMENT_TARGET = 14.0;
				LD_RUNPATH_SEARCH_PATHS = "$(inherited) @loader_path/../Frameworks @loader_path/Frameworks";
				MACOSX_DEPLOYMENT_TARGET = 10.15;
				OTHER_CFLAGS = "$(inherited)";
				OTHER_LDFLAGS = "$(inherited)";
				OTHER_SWIFT_FLAGS = "$(inherited)";
				SWIFT_ACTIVE_COMPILATION_CONDITIONS = "$(inherited)";
				SWIFT_VERSION = 5.0;
				TARGET_NAME = "Segment-Tests";
				TVOS_DEPLOYMENT_TARGET = 9.0;
				WATCHOS_DEPLOYMENT_TARGET = 2.0;
			};
			name = Debug;
		};
		OBJ_28 /* Release */ = {
			isa = XCBuildConfiguration;
			buildSettings = {
				CLANG_ENABLE_MODULES = YES;
				EMBEDDED_CONTENT_CONTAINS_SWIFT = YES;
				FRAMEWORK_SEARCH_PATHS = (
					"$(inherited)",
					"$(PLATFORM_DIR)/Developer/Library/Frameworks",
				);
				HEADER_SEARCH_PATHS = "$(inherited)";
				INFOPLIST_FILE = Segment.xcodeproj/Segment_Tests_Info.plist;
				IPHONEOS_DEPLOYMENT_TARGET = 14.0;
				LD_RUNPATH_SEARCH_PATHS = "$(inherited) @loader_path/../Frameworks @loader_path/Frameworks";
				MACOSX_DEPLOYMENT_TARGET = 10.15;
				OTHER_CFLAGS = "$(inherited)";
				OTHER_LDFLAGS = "$(inherited)";
				OTHER_SWIFT_FLAGS = "$(inherited)";
				SWIFT_ACTIVE_COMPILATION_CONDITIONS = "$(inherited)";
				SWIFT_VERSION = 5.0;
				TARGET_NAME = "Segment-Tests";
				TVOS_DEPLOYMENT_TARGET = 9.0;
				WATCHOS_DEPLOYMENT_TARGET = 2.0;
			};
			name = Release;
		};
		OBJ_3 /* Debug */ = {
			isa = XCBuildConfiguration;
			buildSettings = {
				CLANG_ENABLE_OBJC_ARC = YES;
				COMBINE_HIDPI_IMAGES = YES;
				COPY_PHASE_STRIP = NO;
				DEBUG_INFORMATION_FORMAT = dwarf;
				DYLIB_INSTALL_NAME_BASE = "@rpath";
				ENABLE_NS_ASSERTIONS = YES;
				GCC_OPTIMIZATION_LEVEL = 0;
				GCC_PREPROCESSOR_DEFINITIONS = (
					"$(inherited)",
					"SWIFT_PACKAGE=1",
					"DEBUG=1",
				);
				MACOSX_DEPLOYMENT_TARGET = 10.10;
				ONLY_ACTIVE_ARCH = YES;
				OTHER_SWIFT_FLAGS = "$(inherited) -DXcode";
				PRODUCT_NAME = "$(TARGET_NAME)";
				SDKROOT = macosx;
				SUPPORTED_PLATFORMS = "macosx iphoneos iphonesimulator appletvos appletvsimulator watchos watchsimulator";
				SWIFT_ACTIVE_COMPILATION_CONDITIONS = "$(inherited) SWIFT_PACKAGE DEBUG";
				SWIFT_OPTIMIZATION_LEVEL = "-Onone";
				USE_HEADERMAP = NO;
			};
			name = Debug;
		};
		OBJ_37 /* Debug */ = {
			isa = XCBuildConfiguration;
			buildSettings = {
				LD = /usr/bin/true;
				OTHER_SWIFT_FLAGS = "-swift-version 5 -I $(TOOLCHAIN_DIR)/usr/lib/swift/pm/4_2 -sdk /Applications/Xcode.app/Contents/Developer/Platforms/MacOSX.platform/Developer/SDKs/MacOSX11.0.sdk -package-description-version 5.3.0";
				SWIFT_VERSION = 5.0;
			};
			name = Debug;
		};
		OBJ_38 /* Release */ = {
			isa = XCBuildConfiguration;
			buildSettings = {
				LD = /usr/bin/true;
				OTHER_SWIFT_FLAGS = "-swift-version 5 -I $(TOOLCHAIN_DIR)/usr/lib/swift/pm/4_2 -sdk /Applications/Xcode.app/Contents/Developer/Platforms/MacOSX.platform/Developer/SDKs/MacOSX11.0.sdk -package-description-version 5.3.0";
				SWIFT_VERSION = 5.0;
			};
			name = Release;
		};
		OBJ_4 /* Release */ = {
			isa = XCBuildConfiguration;
			buildSettings = {
				CLANG_ENABLE_OBJC_ARC = YES;
				COMBINE_HIDPI_IMAGES = YES;
				COPY_PHASE_STRIP = YES;
				DEBUG_INFORMATION_FORMAT = "dwarf-with-dsym";
				DYLIB_INSTALL_NAME_BASE = "@rpath";
				GCC_OPTIMIZATION_LEVEL = s;
				GCC_PREPROCESSOR_DEFINITIONS = (
					"$(inherited)",
					"SWIFT_PACKAGE=1",
				);
				MACOSX_DEPLOYMENT_TARGET = 10.10;
				OTHER_SWIFT_FLAGS = "$(inherited) -DXcode";
				PRODUCT_NAME = "$(TARGET_NAME)";
				SDKROOT = macosx;
				SUPPORTED_PLATFORMS = "macosx iphoneos iphonesimulator appletvos appletvsimulator watchos watchsimulator";
				SWIFT_ACTIVE_COMPILATION_CONDITIONS = "$(inherited) SWIFT_PACKAGE";
				SWIFT_OPTIMIZATION_LEVEL = "-Owholemodule";
				USE_HEADERMAP = NO;
			};
			name = Release;
		};
		OBJ_43 /* Debug */ = {
			isa = XCBuildConfiguration;
			buildSettings = {
			};
			name = Debug;
		};
		OBJ_44 /* Release */ = {
			isa = XCBuildConfiguration;
			buildSettings = {
			};
			name = Release;
		};
/* End XCBuildConfiguration section */

/* Begin XCConfigurationList section */
		OBJ_19 /* Build configuration list for PBXNativeTarget "Segment" */ = {
			isa = XCConfigurationList;
			buildConfigurations = (
				OBJ_20 /* Debug */,
				OBJ_21 /* Release */,
			);
			defaultConfigurationIsVisible = 0;
			defaultConfigurationName = Release;
		};
		OBJ_2 /* Build configuration list for PBXProject "Segment" */ = {
			isa = XCConfigurationList;
			buildConfigurations = (
				OBJ_3 /* Debug */,
				OBJ_4 /* Release */,
			);
			defaultConfigurationIsVisible = 0;
			defaultConfigurationName = Release;
		};
		OBJ_26 /* Build configuration list for PBXNativeTarget "Segment-Tests" */ = {
			isa = XCConfigurationList;
			buildConfigurations = (
				OBJ_27 /* Debug */,
				OBJ_28 /* Release */,
			);
			defaultConfigurationIsVisible = 0;
			defaultConfigurationName = Release;
		};
		OBJ_36 /* Build configuration list for PBXNativeTarget "SegmentPackageDescription" */ = {
			isa = XCConfigurationList;
			buildConfigurations = (
				OBJ_37 /* Debug */,
				OBJ_38 /* Release */,
			);
			defaultConfigurationIsVisible = 0;
			defaultConfigurationName = Release;
		};
		OBJ_42 /* Build configuration list for PBXAggregateTarget "SegmentPackageTests" */ = {
			isa = XCConfigurationList;
			buildConfigurations = (
				OBJ_43 /* Debug */,
				OBJ_44 /* Release */,
			);
			defaultConfigurationIsVisible = 0;
			defaultConfigurationName = Release;
		};
/* End XCConfigurationList section */
	};
	rootObject = OBJ_1 /* Project object */;
}
