// !$*UTF8*$!
{
	archiveVersion = 1;
	classes = {
	};
	objectVersion = 52;
	objects = {

/* Begin PBXBuildFile section */
		469EC8D0266066130068F9E3 /* SystemConfiguration.framework in Frameworks */ = {isa = PBXBuildFile; fileRef = 469EC8CF266066130068F9E3 /* SystemConfiguration.framework */; };
		469EC8E0266828860068F9E3 /* FlurryAnalyticsSPM in Frameworks */ = {isa = PBXBuildFile; productRef = 469EC8DF266828860068F9E3 /* FlurryAnalyticsSPM */; };
		469F7B08266011690038E773 /* AppDelegate.swift in Sources */ = {isa = PBXBuildFile; fileRef = 469F7B07266011690038E773 /* AppDelegate.swift */; };
		469F7B0A266011690038E773 /* SceneDelegate.swift in Sources */ = {isa = PBXBuildFile; fileRef = 469F7B09266011690038E773 /* SceneDelegate.swift */; };
		469F7B0C266011690038E773 /* ViewController.swift in Sources */ = {isa = PBXBuildFile; fileRef = 469F7B0B266011690038E773 /* ViewController.swift */; };
		469F7B0F266011690038E773 /* Main.storyboard in Resources */ = {isa = PBXBuildFile; fileRef = 469F7B0D266011690038E773 /* Main.storyboard */; };
		469F7B112660116A0038E773 /* Assets.xcassets in Resources */ = {isa = PBXBuildFile; fileRef = 469F7B102660116A0038E773 /* Assets.xcassets */; };
		469F7B142660116A0038E773 /* LaunchScreen.storyboard in Resources */ = {isa = PBXBuildFile; fileRef = 469F7B122660116A0038E773 /* LaunchScreen.storyboard */; };
		469F7B1D266011D70038E773 /* Segment in Frameworks */ = {isa = PBXBuildFile; productRef = 469F7B1C266011D70038E773 /* Segment */; };
		469F7B20266012CB0038E773 /* FlurryDestination.swift in Sources */ = {isa = PBXBuildFile; fileRef = 469F7B1F266012CB0038E773 /* FlurryDestination.swift */; };
		469F7B23266013100038E773 /* Adjust in Frameworks */ = {isa = PBXBuildFile; productRef = 469F7B22266013100038E773 /* Adjust */; };
		469F7B25266013320038E773 /* AdjustDestination.swift in Sources */ = {isa = PBXBuildFile; fileRef = 469F7B24266013320038E773 /* AdjustDestination.swift */; };
		96469A9B270279A600AC5772 /* IntercomDestination.swift in Sources */ = {isa = PBXBuildFile; fileRef = 96469A9A270279A600AC5772 /* IntercomDestination.swift */; };
		96469A9E2702862100AC5772 /* Intercom in Frameworks */ = {isa = PBXBuildFile; productRef = 96469A9D2702862100AC5772 /* Intercom */; };
		965DC0FA2668077400DDF9C7 /* MixpanelDestination.swift in Sources */ = {isa = PBXBuildFile; fileRef = 965DC0F82668077400DDF9C7 /* MixpanelDestination.swift */; };
		965DC0FB2668077400DDF9C7 /* AmplitudeSession.swift in Sources */ = {isa = PBXBuildFile; fileRef = 965DC0F92668077400DDF9C7 /* AmplitudeSession.swift */; };
		965DC0FE2668079400DDF9C7 /* Mixpanel in Frameworks */ = {isa = PBXBuildFile; productRef = 965DC0FD2668079400DDF9C7 /* Mixpanel */; };
		965DC1212669942800DDF9C7 /* FirebaseAnalytics in Frameworks */ = {isa = PBXBuildFile; productRef = 965DC1202669942800DDF9C7 /* FirebaseAnalytics */; };
		965DC1232669947F00DDF9C7 /* FirebaseDestination.swift in Sources */ = {isa = PBXBuildFile; fileRef = 965DC1222669947F00DDF9C7 /* FirebaseDestination.swift */; };
		965DC1262671656C00DDF9C7 /* GoogleService-Info.plist in Resources */ = {isa = PBXBuildFile; fileRef = 965DC1252671656C00DDF9C7 /* GoogleService-Info.plist */; };
		9697C1F52679156C00B87EC1 /* Segment_Logo_Avatar_Grey-1024.png in Resources */ = {isa = PBXBuildFile; fileRef = 9697C1F42679156C00B87EC1 /* Segment_Logo_Avatar_Grey-1024.png */; };
		96D8F16F26EFFA09007F8B28 /* ExampleDestination.swift in Sources */ = {isa = PBXBuildFile; fileRef = 96D8F16E26EFFA09007F8B28 /* ExampleDestination.swift */; };
		96DBF37D26FA943300724B0B /* ComscoreDestination.swift in Sources */ = {isa = PBXBuildFile; fileRef = 96DBF37C26FA943300724B0B /* ComscoreDestination.swift */; };
		96DBF38026FA984A00724B0B /* ComScore in Frameworks */ = {isa = PBXBuildFile; productRef = 96DBF37F26FA984A00724B0B /* ComScore */; };
		BA384C9826824F3700AFEA1B /* AppsFlyerLib in Frameworks */ = {isa = PBXBuildFile; productRef = BA384C9726824F3700AFEA1B /* AppsFlyerLib */; };
		BA384C9A2682973300AFEA1B /* AppsFlyerDestination.swift in Sources */ = {isa = PBXBuildFile; fileRef = BA384C992682973300AFEA1B /* AppsFlyerDestination.swift */; };
/* End PBXBuildFile section */

/* Begin PBXFileReference section */
		469EC8CF266066130068F9E3 /* SystemConfiguration.framework */ = {isa = PBXFileReference; lastKnownFileType = wrapper.framework; name = SystemConfiguration.framework; path = System/Library/Frameworks/SystemConfiguration.framework; sourceTree = SDKROOT; };
		469EC8E1266828AF0068F9E3 /* DestinationsExample-Bridging-Header.h */ = {isa = PBXFileReference; lastKnownFileType = sourcecode.c.h; path = "DestinationsExample-Bridging-Header.h"; sourceTree = "<group>"; };
		469F7B04266011690038E773 /* DestinationsExample.app */ = {isa = PBXFileReference; explicitFileType = wrapper.application; includeInIndex = 0; path = DestinationsExample.app; sourceTree = BUILT_PRODUCTS_DIR; };
		469F7B07266011690038E773 /* AppDelegate.swift */ = {isa = PBXFileReference; lastKnownFileType = sourcecode.swift; path = AppDelegate.swift; sourceTree = "<group>"; };
		469F7B09266011690038E773 /* SceneDelegate.swift */ = {isa = PBXFileReference; lastKnownFileType = sourcecode.swift; path = SceneDelegate.swift; sourceTree = "<group>"; };
		469F7B0B266011690038E773 /* ViewController.swift */ = {isa = PBXFileReference; lastKnownFileType = sourcecode.swift; path = ViewController.swift; sourceTree = "<group>"; };
		469F7B0E266011690038E773 /* Base */ = {isa = PBXFileReference; lastKnownFileType = file.storyboard; name = Base; path = Base.lproj/Main.storyboard; sourceTree = "<group>"; };
		469F7B102660116A0038E773 /* Assets.xcassets */ = {isa = PBXFileReference; lastKnownFileType = folder.assetcatalog; path = Assets.xcassets; sourceTree = "<group>"; };
		469F7B132660116A0038E773 /* Base */ = {isa = PBXFileReference; lastKnownFileType = file.storyboard; name = Base; path = Base.lproj/LaunchScreen.storyboard; sourceTree = "<group>"; };
		469F7B152660116A0038E773 /* Info.plist */ = {isa = PBXFileReference; lastKnownFileType = text.plist.xml; path = Info.plist; sourceTree = "<group>"; };
		469F7B1F266012CB0038E773 /* FlurryDestination.swift */ = {isa = PBXFileReference; fileEncoding = 4; lastKnownFileType = sourcecode.swift; path = FlurryDestination.swift; sourceTree = "<group>"; };
		469F7B24266013320038E773 /* AdjustDestination.swift */ = {isa = PBXFileReference; lastKnownFileType = sourcecode.swift; path = AdjustDestination.swift; sourceTree = "<group>"; };
		96469A9A270279A600AC5772 /* IntercomDestination.swift */ = {isa = PBXFileReference; fileEncoding = 4; lastKnownFileType = sourcecode.swift; path = IntercomDestination.swift; sourceTree = "<group>"; };
		965DC0F82668077400DDF9C7 /* MixpanelDestination.swift */ = {isa = PBXFileReference; fileEncoding = 4; lastKnownFileType = sourcecode.swift; path = MixpanelDestination.swift; sourceTree = "<group>"; };
		965DC0F92668077400DDF9C7 /* AmplitudeSession.swift */ = {isa = PBXFileReference; fileEncoding = 4; lastKnownFileType = sourcecode.swift; path = AmplitudeSession.swift; sourceTree = "<group>"; };
		965DC1222669947F00DDF9C7 /* FirebaseDestination.swift */ = {isa = PBXFileReference; lastKnownFileType = sourcecode.swift; path = FirebaseDestination.swift; sourceTree = "<group>"; };
		965DC1252671656C00DDF9C7 /* GoogleService-Info.plist */ = {isa = PBXFileReference; fileEncoding = 4; lastKnownFileType = text.plist.xml; path = "GoogleService-Info.plist"; sourceTree = "<group>"; };
		9697C1F42679156C00B87EC1 /* Segment_Logo_Avatar_Grey-1024.png */ = {isa = PBXFileReference; lastKnownFileType = image.png; path = "Segment_Logo_Avatar_Grey-1024.png"; sourceTree = "<group>"; };
		96D8F16E26EFFA09007F8B28 /* ExampleDestination.swift */ = {isa = PBXFileReference; fileEncoding = 4; lastKnownFileType = sourcecode.swift; path = ExampleDestination.swift; sourceTree = "<group>"; };
		96DBF37C26FA943300724B0B /* ComscoreDestination.swift */ = {isa = PBXFileReference; lastKnownFileType = sourcecode.swift; path = ComscoreDestination.swift; sourceTree = "<group>"; };
		BA384C992682973300AFEA1B /* AppsFlyerDestination.swift */ = {isa = PBXFileReference; fileEncoding = 4; lastKnownFileType = sourcecode.swift; path = AppsFlyerDestination.swift; sourceTree = "<group>"; };
		BA384C9D2686609000AFEA1B /* DestinationsExample.entitlements */ = {isa = PBXFileReference; lastKnownFileType = text.plist.entitlements; path = DestinationsExample.entitlements; sourceTree = "<group>"; };
/* End PBXFileReference section */

/* Begin PBXFrameworksBuildPhase section */
		469F7B01266011690038E773 /* Frameworks */ = {
			isa = PBXFrameworksBuildPhase;
			buildActionMask = 2147483647;
			files = (
				BA384C9826824F3700AFEA1B /* AppsFlyerLib in Frameworks */,
				469EC8E0266828860068F9E3 /* FlurryAnalyticsSPM in Frameworks */,
				469EC8D0266066130068F9E3 /* SystemConfiguration.framework in Frameworks */,
				96DBF38026FA984A00724B0B /* ComScore in Frameworks */,
				965DC1212669942800DDF9C7 /* FirebaseAnalytics in Frameworks */,
				469F7B1D266011D70038E773 /* Segment in Frameworks */,
				965DC0FE2668079400DDF9C7 /* Mixpanel in Frameworks */,
				96469A9E2702862100AC5772 /* Intercom in Frameworks */,
				469F7B23266013100038E773 /* Adjust in Frameworks */,
			);
			runOnlyForDeploymentPostprocessing = 0;
		};
/* End PBXFrameworksBuildPhase section */

/* Begin PBXGroup section */
		469F7AFB266011690038E773 = {
			isa = PBXGroup;
			children = (
				469F7B06266011690038E773 /* DestinationsExample */,
				469F7B05266011690038E773 /* Products */,
				469F7B1B266011D70038E773 /* Frameworks */,
			);
			sourceTree = "<group>";
		};
		469F7B05266011690038E773 /* Products */ = {
			isa = PBXGroup;
			children = (
				469F7B04266011690038E773 /* DestinationsExample.app */,
			);
			name = Products;
			sourceTree = "<group>";
		};
		469F7B06266011690038E773 /* DestinationsExample */ = {
			isa = PBXGroup;
			children = (
				BA384C9D2686609000AFEA1B /* DestinationsExample.entitlements */,
				469F7B1E266012CB0038E773 /* destination_plugins */,
				469F7B07266011690038E773 /* AppDelegate.swift */,
				469F7B09266011690038E773 /* SceneDelegate.swift */,
				469F7B0B266011690038E773 /* ViewController.swift */,
				469EC8E1266828AF0068F9E3 /* DestinationsExample-Bridging-Header.h */,
				469F7B0D266011690038E773 /* Main.storyboard */,
				469F7B102660116A0038E773 /* Assets.xcassets */,
				469F7B122660116A0038E773 /* LaunchScreen.storyboard */,
				469F7B152660116A0038E773 /* Info.plist */,
				965DC1242671655700DDF9C7 /* Resources */,
			);
			path = DestinationsExample;
			sourceTree = "<group>";
		};
		469F7B1B266011D70038E773 /* Frameworks */ = {
			isa = PBXGroup;
			children = (
				469EC8CF266066130068F9E3 /* SystemConfiguration.framework */,
			);
			name = Frameworks;
			sourceTree = "<group>";
		};
		469F7B1E266012CB0038E773 /* destination_plugins */ = {
			isa = PBXGroup;
			children = (
				BA384C992682973300AFEA1B /* AppsFlyerDestination.swift */,
				469F7B24266013320038E773 /* AdjustDestination.swift */,
				965DC0F92668077400DDF9C7 /* AmplitudeSession.swift */,
				96DBF37C26FA943300724B0B /* ComscoreDestination.swift */,
				96D8F16E26EFFA09007F8B28 /* ExampleDestination.swift */,
				965DC1222669947F00DDF9C7 /* FirebaseDestination.swift */,
				469F7B1F266012CB0038E773 /* FlurryDestination.swift */,
				96469A9A270279A600AC5772 /* IntercomDestination.swift */,
				965DC0F82668077400DDF9C7 /* MixpanelDestination.swift */,
			);
			name = destination_plugins;
			path = ../../../destination_plugins;
			sourceTree = "<group>";
		};
		965DC1242671655700DDF9C7 /* Resources */ = {
			isa = PBXGroup;
			children = (
				9697C1F42679156C00B87EC1 /* Segment_Logo_Avatar_Grey-1024.png */,
				965DC1252671656C00DDF9C7 /* GoogleService-Info.plist */,
			);
			path = Resources;
			sourceTree = "<group>";
		};
/* End PBXGroup section */

/* Begin PBXNativeTarget section */
		469F7B03266011690038E773 /* DestinationsExample */ = {
			isa = PBXNativeTarget;
			buildConfigurationList = 469F7B182660116A0038E773 /* Build configuration list for PBXNativeTarget "DestinationsExample" */;
			buildPhases = (
				469F7B00266011690038E773 /* Sources */,
				469F7B01266011690038E773 /* Frameworks */,
				469F7B02266011690038E773 /* Resources */,
			);
			buildRules = (
			);
			dependencies = (
			);
			name = DestinationsExample;
			packageProductDependencies = (
				469F7B1C266011D70038E773 /* Segment */,
				469F7B22266013100038E773 /* Adjust */,
				965DC0FD2668079400DDF9C7 /* Mixpanel */,
				469EC8DF266828860068F9E3 /* FlurryAnalyticsSPM */,
				965DC1202669942800DDF9C7 /* FirebaseAnalytics */,
				BA384C9726824F3700AFEA1B /* AppsFlyerLib */,
				96DBF37F26FA984A00724B0B /* ComScore */,
				96469A9D2702862100AC5772 /* Intercom */,
			);
			productName = DestinationsExample;
			productReference = 469F7B04266011690038E773 /* DestinationsExample.app */;
			productType = "com.apple.product-type.application";
		};
/* End PBXNativeTarget section */

/* Begin PBXProject section */
		469F7AFC266011690038E773 /* Project object */ = {
			isa = PBXProject;
			attributes = {
				LastSwiftUpdateCheck = 1250;
				LastUpgradeCheck = 1250;
				TargetAttributes = {
					469F7B03266011690038E773 = {
						CreatedOnToolsVersion = 12.5;
					};
				};
			};
			buildConfigurationList = 469F7AFF266011690038E773 /* Build configuration list for PBXProject "DestinationsExample" */;
			compatibilityVersion = "Xcode 9.3";
			developmentRegion = en;
			hasScannedForEncodings = 0;
			knownRegions = (
				en,
				Base,
			);
			mainGroup = 469F7AFB266011690038E773;
			packageReferences = (
				469F7B21266013100038E773 /* XCRemoteSwiftPackageReference "ios_sdk" */,
				965DC0FC2668079400DDF9C7 /* XCRemoteSwiftPackageReference "mixpanel-swift" */,
				469EC8DE266828860068F9E3 /* XCRemoteSwiftPackageReference "FlurrySwiftPackage" */,
				965DC11F2669942800DDF9C7 /* XCRemoteSwiftPackageReference "firebase-ios-sdk" */,
				BA384C9626824F3700AFEA1B /* XCRemoteSwiftPackageReference "AppsFlyerFramework" */,
				96DBF37E26FA984900724B0B /* XCRemoteSwiftPackageReference "Comscore-Swift-Package-Manager" */,
				96469A9C2702862100AC5772 /* XCRemoteSwiftPackageReference "intercom-ios" */,
			);
			productRefGroup = 469F7B05266011690038E773 /* Products */;
			projectDirPath = "";
			projectRoot = "";
			targets = (
				469F7B03266011690038E773 /* DestinationsExample */,
			);
		};
/* End PBXProject section */

/* Begin PBXResourcesBuildPhase section */
		469F7B02266011690038E773 /* Resources */ = {
			isa = PBXResourcesBuildPhase;
			buildActionMask = 2147483647;
			files = (
				469F7B142660116A0038E773 /* LaunchScreen.storyboard in Resources */,
				965DC1262671656C00DDF9C7 /* GoogleService-Info.plist in Resources */,
				469F7B112660116A0038E773 /* Assets.xcassets in Resources */,
				469F7B0F266011690038E773 /* Main.storyboard in Resources */,
				9697C1F52679156C00B87EC1 /* Segment_Logo_Avatar_Grey-1024.png in Resources */,
			);
			runOnlyForDeploymentPostprocessing = 0;
		};
/* End PBXResourcesBuildPhase section */

/* Begin PBXSourcesBuildPhase section */
		469F7B00266011690038E773 /* Sources */ = {
			isa = PBXSourcesBuildPhase;
			buildActionMask = 2147483647;
			files = (
				BA384C9A2682973300AFEA1B /* AppsFlyerDestination.swift in Sources */,
				469F7B20266012CB0038E773 /* FlurryDestination.swift in Sources */,
				469F7B0C266011690038E773 /* ViewController.swift in Sources */,
				96469A9B270279A600AC5772 /* IntercomDestination.swift in Sources */,
				96D8F16F26EFFA09007F8B28 /* ExampleDestination.swift in Sources */,
				965DC0FA2668077400DDF9C7 /* MixpanelDestination.swift in Sources */,
				96DBF37D26FA943300724B0B /* ComscoreDestination.swift in Sources */,
				965DC0FB2668077400DDF9C7 /* AmplitudeSession.swift in Sources */,
				469F7B08266011690038E773 /* AppDelegate.swift in Sources */,
				469F7B25266013320038E773 /* AdjustDestination.swift in Sources */,
				469F7B0A266011690038E773 /* SceneDelegate.swift in Sources */,
				965DC1232669947F00DDF9C7 /* FirebaseDestination.swift in Sources */,
			);
			runOnlyForDeploymentPostprocessing = 0;
		};
/* End PBXSourcesBuildPhase section */

/* Begin PBXVariantGroup section */
		469F7B0D266011690038E773 /* Main.storyboard */ = {
			isa = PBXVariantGroup;
			children = (
				469F7B0E266011690038E773 /* Base */,
			);
			name = Main.storyboard;
			sourceTree = "<group>";
		};
		469F7B122660116A0038E773 /* LaunchScreen.storyboard */ = {
			isa = PBXVariantGroup;
			children = (
				469F7B132660116A0038E773 /* Base */,
			);
			name = LaunchScreen.storyboard;
			sourceTree = "<group>";
		};
/* End PBXVariantGroup section */

/* Begin XCBuildConfiguration section */
		469F7B162660116A0038E773 /* Debug */ = {
			isa = XCBuildConfiguration;
			buildSettings = {
				ALWAYS_SEARCH_USER_PATHS = NO;
				CLANG_ANALYZER_NONNULL = YES;
				CLANG_ANALYZER_NUMBER_OBJECT_CONVERSION = YES_AGGRESSIVE;
				CLANG_CXX_LANGUAGE_STANDARD = "gnu++14";
				CLANG_CXX_LIBRARY = "libc++";
				CLANG_ENABLE_MODULES = YES;
				CLANG_ENABLE_OBJC_ARC = YES;
				CLANG_ENABLE_OBJC_WEAK = YES;
				CLANG_WARN_BLOCK_CAPTURE_AUTORELEASING = YES;
				CLANG_WARN_BOOL_CONVERSION = YES;
				CLANG_WARN_COMMA = YES;
				CLANG_WARN_CONSTANT_CONVERSION = YES;
				CLANG_WARN_DEPRECATED_OBJC_IMPLEMENTATIONS = YES;
				CLANG_WARN_DIRECT_OBJC_ISA_USAGE = YES_ERROR;
				CLANG_WARN_DOCUMENTATION_COMMENTS = YES;
				CLANG_WARN_EMPTY_BODY = YES;
				CLANG_WARN_ENUM_CONVERSION = YES;
				CLANG_WARN_INFINITE_RECURSION = YES;
				CLANG_WARN_INT_CONVERSION = YES;
				CLANG_WARN_NON_LITERAL_NULL_CONVERSION = YES;
				CLANG_WARN_OBJC_IMPLICIT_RETAIN_SELF = YES;
				CLANG_WARN_OBJC_LITERAL_CONVERSION = YES;
				CLANG_WARN_OBJC_ROOT_CLASS = YES_ERROR;
				CLANG_WARN_QUOTED_INCLUDE_IN_FRAMEWORK_HEADER = YES;
				CLANG_WARN_RANGE_LOOP_ANALYSIS = YES;
				CLANG_WARN_STRICT_PROTOTYPES = YES;
				CLANG_WARN_SUSPICIOUS_MOVE = YES;
				CLANG_WARN_UNGUARDED_AVAILABILITY = YES_AGGRESSIVE;
				CLANG_WARN_UNREACHABLE_CODE = YES;
				CLANG_WARN__DUPLICATE_METHOD_MATCH = YES;
				COPY_PHASE_STRIP = NO;
				DEBUG_INFORMATION_FORMAT = dwarf;
				ENABLE_STRICT_OBJC_MSGSEND = YES;
				ENABLE_TESTABILITY = YES;
				GCC_C_LANGUAGE_STANDARD = gnu11;
				GCC_DYNAMIC_NO_PIC = NO;
				GCC_NO_COMMON_BLOCKS = YES;
				GCC_OPTIMIZATION_LEVEL = 0;
				GCC_PREPROCESSOR_DEFINITIONS = (
					"DEBUG=1",
					"$(inherited)",
				);
				GCC_WARN_64_TO_32_BIT_CONVERSION = YES;
				GCC_WARN_ABOUT_RETURN_TYPE = YES_ERROR;
				GCC_WARN_UNDECLARED_SELECTOR = YES;
				GCC_WARN_UNINITIALIZED_AUTOS = YES_AGGRESSIVE;
				GCC_WARN_UNUSED_FUNCTION = YES;
				GCC_WARN_UNUSED_VARIABLE = YES;
				IPHONEOS_DEPLOYMENT_TARGET = 14.5;
				MTL_ENABLE_DEBUG_INFO = INCLUDE_SOURCE;
				MTL_FAST_MATH = YES;
				ONLY_ACTIVE_ARCH = YES;
				SDKROOT = iphoneos;
				SWIFT_ACTIVE_COMPILATION_CONDITIONS = DEBUG;
				SWIFT_OBJC_BRIDGING_HEADER = "DestinationsExample/DestinationsExample-Bridging-Header.h";
				SWIFT_OPTIMIZATION_LEVEL = "-Onone";
			};
			name = Debug;
		};
		469F7B172660116A0038E773 /* Release */ = {
			isa = XCBuildConfiguration;
			buildSettings = {
				ALWAYS_SEARCH_USER_PATHS = NO;
				CLANG_ANALYZER_NONNULL = YES;
				CLANG_ANALYZER_NUMBER_OBJECT_CONVERSION = YES_AGGRESSIVE;
				CLANG_CXX_LANGUAGE_STANDARD = "gnu++14";
				CLANG_CXX_LIBRARY = "libc++";
				CLANG_ENABLE_MODULES = YES;
				CLANG_ENABLE_OBJC_ARC = YES;
				CLANG_ENABLE_OBJC_WEAK = YES;
				CLANG_WARN_BLOCK_CAPTURE_AUTORELEASING = YES;
				CLANG_WARN_BOOL_CONVERSION = YES;
				CLANG_WARN_COMMA = YES;
				CLANG_WARN_CONSTANT_CONVERSION = YES;
				CLANG_WARN_DEPRECATED_OBJC_IMPLEMENTATIONS = YES;
				CLANG_WARN_DIRECT_OBJC_ISA_USAGE = YES_ERROR;
				CLANG_WARN_DOCUMENTATION_COMMENTS = YES;
				CLANG_WARN_EMPTY_BODY = YES;
				CLANG_WARN_ENUM_CONVERSION = YES;
				CLANG_WARN_INFINITE_RECURSION = YES;
				CLANG_WARN_INT_CONVERSION = YES;
				CLANG_WARN_NON_LITERAL_NULL_CONVERSION = YES;
				CLANG_WARN_OBJC_IMPLICIT_RETAIN_SELF = YES;
				CLANG_WARN_OBJC_LITERAL_CONVERSION = YES;
				CLANG_WARN_OBJC_ROOT_CLASS = YES_ERROR;
				CLANG_WARN_QUOTED_INCLUDE_IN_FRAMEWORK_HEADER = YES;
				CLANG_WARN_RANGE_LOOP_ANALYSIS = YES;
				CLANG_WARN_STRICT_PROTOTYPES = YES;
				CLANG_WARN_SUSPICIOUS_MOVE = YES;
				CLANG_WARN_UNGUARDED_AVAILABILITY = YES_AGGRESSIVE;
				CLANG_WARN_UNREACHABLE_CODE = YES;
				CLANG_WARN__DUPLICATE_METHOD_MATCH = YES;
				COPY_PHASE_STRIP = NO;
				DEBUG_INFORMATION_FORMAT = "dwarf-with-dsym";
				ENABLE_NS_ASSERTIONS = NO;
				ENABLE_STRICT_OBJC_MSGSEND = YES;
				GCC_C_LANGUAGE_STANDARD = gnu11;
				GCC_NO_COMMON_BLOCKS = YES;
				GCC_WARN_64_TO_32_BIT_CONVERSION = YES;
				GCC_WARN_ABOUT_RETURN_TYPE = YES_ERROR;
				GCC_WARN_UNDECLARED_SELECTOR = YES;
				GCC_WARN_UNINITIALIZED_AUTOS = YES_AGGRESSIVE;
				GCC_WARN_UNUSED_FUNCTION = YES;
				GCC_WARN_UNUSED_VARIABLE = YES;
				IPHONEOS_DEPLOYMENT_TARGET = 14.5;
				MTL_ENABLE_DEBUG_INFO = NO;
				MTL_FAST_MATH = YES;
				SDKROOT = iphoneos;
				SWIFT_COMPILATION_MODE = wholemodule;
				SWIFT_OBJC_BRIDGING_HEADER = "DestinationsExample/DestinationsExample-Bridging-Header.h";
				SWIFT_OPTIMIZATION_LEVEL = "-O";
				VALIDATE_PRODUCT = YES;
			};
			name = Release;
		};
		469F7B192660116A0038E773 /* Debug */ = {
			isa = XCBuildConfiguration;
			buildSettings = {
				ASSETCATALOG_COMPILER_APPICON_NAME = AppIcon;
				ASSETCATALOG_COMPILER_GLOBAL_ACCENT_COLOR_NAME = AccentColor;
				CODE_SIGN_ENTITLEMENTS = DestinationsExample/DestinationsExample.entitlements;
				CODE_SIGN_IDENTITY = "Apple Development";
				CODE_SIGN_STYLE = Automatic;
				DEVELOPMENT_TEAM = V8R4668S2H;
				INFOPLIST_FILE = DestinationsExample/Info.plist;
				LD_RUNPATH_SEARCH_PATHS = (
					"$(inherited)",
					"@executable_path/Frameworks",
				);
				PRODUCT_BUNDLE_IDENTIFIER = com.segment.DestinationsExample;
				PRODUCT_NAME = "$(TARGET_NAME)";
				PROVISIONING_PROFILE_SPECIFIER = "";
				SWIFT_VERSION = 5.0;
				TARGETED_DEVICE_FAMILY = "1,2";
			};
			name = Debug;
		};
		469F7B1A2660116A0038E773 /* Release */ = {
			isa = XCBuildConfiguration;
			buildSettings = {
				ASSETCATALOG_COMPILER_APPICON_NAME = AppIcon;
				ASSETCATALOG_COMPILER_GLOBAL_ACCENT_COLOR_NAME = AccentColor;
				CODE_SIGN_ENTITLEMENTS = DestinationsExample/DestinationsExample.entitlements;
				CODE_SIGN_IDENTITY = "Apple Development";
				CODE_SIGN_STYLE = Automatic;
				DEVELOPMENT_TEAM = V8R4668S2H;
				INFOPLIST_FILE = DestinationsExample/Info.plist;
				LD_RUNPATH_SEARCH_PATHS = (
					"$(inherited)",
					"@executable_path/Frameworks",
				);
				PRODUCT_BUNDLE_IDENTIFIER = com.segment.DestinationsExample;
				PRODUCT_NAME = "$(TARGET_NAME)";
				PROVISIONING_PROFILE_SPECIFIER = "";
				SWIFT_VERSION = 5.0;
				TARGETED_DEVICE_FAMILY = "1,2";
			};
			name = Release;
		};
/* End XCBuildConfiguration section */

/* Begin XCConfigurationList section */
		469F7AFF266011690038E773 /* Build configuration list for PBXProject "DestinationsExample" */ = {
			isa = XCConfigurationList;
			buildConfigurations = (
				469F7B162660116A0038E773 /* Debug */,
				469F7B172660116A0038E773 /* Release */,
			);
			defaultConfigurationIsVisible = 0;
			defaultConfigurationName = Release;
		};
		469F7B182660116A0038E773 /* Build configuration list for PBXNativeTarget "DestinationsExample" */ = {
			isa = XCConfigurationList;
			buildConfigurations = (
				469F7B192660116A0038E773 /* Debug */,
				469F7B1A2660116A0038E773 /* Release */,
			);
			defaultConfigurationIsVisible = 0;
			defaultConfigurationName = Release;
		};
/* End XCConfigurationList section */

/* Begin XCRemoteSwiftPackageReference section */
		469EC8DE266828860068F9E3 /* XCRemoteSwiftPackageReference "FlurrySwiftPackage" */ = {
			isa = XCRemoteSwiftPackageReference;
			repositoryURL = "git@github.com:flurry/FlurrySwiftPackage.git";
			requirement = {
				kind = exactVersion;
				version = 11.2.1;
			};
		};
		469F7B21266013100038E773 /* XCRemoteSwiftPackageReference "ios_sdk" */ = {
			isa = XCRemoteSwiftPackageReference;
			repositoryURL = "https://github.com/adjust/ios_sdk.git";
			requirement = {
				kind = exactVersion;
				version = 4.29.6;
			};
		};
		96469A9C2702862100AC5772 /* XCRemoteSwiftPackageReference "intercom-ios" */ = {
			isa = XCRemoteSwiftPackageReference;
			repositoryURL = "git@github.com:intercom/intercom-ios.git";
			requirement = {
				kind = upToNextMajorVersion;
				minimumVersion = 9.0.0;
			};
		};
		965DC0FC2668079400DDF9C7 /* XCRemoteSwiftPackageReference "mixpanel-swift" */ = {
			isa = XCRemoteSwiftPackageReference;
			repositoryURL = "git@github.com:mixpanel/mixpanel-swift.git";
			requirement = {
				kind = exactVersion;
				version = 2.9.3;
			};
		};
		965DC11F2669942800DDF9C7 /* XCRemoteSwiftPackageReference "firebase-ios-sdk" */ = {
			isa = XCRemoteSwiftPackageReference;
			repositoryURL = "https://github.com/firebase/firebase-ios-sdk.git";
			requirement = {
				kind = exactVersion;
				version = 8.1.0;
			};
		};
		96DBF37E26FA984900724B0B /* XCRemoteSwiftPackageReference "Comscore-Swift-Package-Manager" */ = {
			isa = XCRemoteSwiftPackageReference;
			repositoryURL = "git@github.com:comScore/Comscore-Swift-Package-Manager.git";
			requirement = {
				kind = upToNextMajorVersion;
				minimumVersion = 6.0.0;
			};
		};
		BA384C9626824F3700AFEA1B /* XCRemoteSwiftPackageReference "AppsFlyerFramework" */ = {
			isa = XCRemoteSwiftPackageReference;
			repositoryURL = "https://github.com/AppsFlyerSDK/AppsFlyerFramework";
			requirement = {
				kind = exactVersion;
				version = 6.3.2;
			};
		};
/* End XCRemoteSwiftPackageReference section */

/* Begin XCSwiftPackageProductDependency section */
		469EC8DF266828860068F9E3 /* FlurryAnalyticsSPM */ = {
			isa = XCSwiftPackageProductDependency;
			package = 469EC8DE266828860068F9E3 /* XCRemoteSwiftPackageReference "FlurrySwiftPackage" */;
			productName = FlurryAnalyticsSPM;
		};
		469F7B1C266011D70038E773 /* Segment */ = {
			isa = XCSwiftPackageProductDependency;
			productName = Segment;
		};
		469F7B22266013100038E773 /* Adjust */ = {
			isa = XCSwiftPackageProductDependency;
			package = 469F7B21266013100038E773 /* XCRemoteSwiftPackageReference "ios_sdk" */;
			productName = Adjust;
		};
		96469A9D2702862100AC5772 /* Intercom */ = {
			isa = XCSwiftPackageProductDependency;
			package = 96469A9C2702862100AC5772 /* XCRemoteSwiftPackageReference "intercom-ios" */;
			productName = Intercom;
		};
		965DC0FD2668079400DDF9C7 /* Mixpanel */ = {
			isa = XCSwiftPackageProductDependency;
			package = 965DC0FC2668079400DDF9C7 /* XCRemoteSwiftPackageReference "mixpanel-swift" */;
			productName = Mixpanel;
		};
		965DC1202669942800DDF9C7 /* FirebaseAnalytics */ = {
			isa = XCSwiftPackageProductDependency;
			package = 965DC11F2669942800DDF9C7 /* XCRemoteSwiftPackageReference "firebase-ios-sdk" */;
			productName = FirebaseAnalytics;
		};
		96DBF37F26FA984A00724B0B /* ComScore */ = {
			isa = XCSwiftPackageProductDependency;
			package = 96DBF37E26FA984900724B0B /* XCRemoteSwiftPackageReference "Comscore-Swift-Package-Manager" */;
			productName = ComScore;
		};
		BA384C9726824F3700AFEA1B /* AppsFlyerLib */ = {
			isa = XCSwiftPackageProductDependency;
			package = BA384C9626824F3700AFEA1B /* XCRemoteSwiftPackageReference "AppsFlyerFramework" */;
			productName = AppsFlyerLib;
		};
/* End XCSwiftPackageProductDependency section */
	};
	rootObject = 469F7AFC266011690038E773 /* Project object */;
}
