// !$*UTF8*$!
{
	archiveVersion = 1;
	classes = {
	};
	objectVersion = 52;
	objects = {

/* Begin PBXBuildFile section */
		460FF309299AAEEC00635FF9 /* Segment in Frameworks */ = {isa = PBXBuildFile; productRef = 460FF308299AAEEC00635FF9 /* Segment */; };
		46262AB229CB731B005C68FF /* SegmentMixpanel in Frameworks */ = {isa = PBXBuildFile; productRef = 46262AB129CB731B005C68FF /* SegmentMixpanel */; };
		463F61EA29E9C33400BBB4ED /* TestDestination.swift in Sources */ = {isa = PBXBuildFile; fileRef = 463F61E929E9C33400BBB4ED /* TestDestination.swift */; };
		464247BC26C6D7A700CAD301 /* AppDelegate.m in Sources */ = {isa = PBXBuildFile; fileRef = 464247BB26C6D7A700CAD301 /* AppDelegate.m */; };
		464247BF26C6D7A700CAD301 /* SceneDelegate.m in Sources */ = {isa = PBXBuildFile; fileRef = 464247BE26C6D7A700CAD301 /* SceneDelegate.m */; };
		464247C226C6D7A700CAD301 /* ViewController.m in Sources */ = {isa = PBXBuildFile; fileRef = 464247C126C6D7A700CAD301 /* ViewController.m */; };
		464247C526C6D7A700CAD301 /* Main.storyboard in Resources */ = {isa = PBXBuildFile; fileRef = 464247C326C6D7A700CAD301 /* Main.storyboard */; };
		464247C726C6D7A800CAD301 /* Assets.xcassets in Resources */ = {isa = PBXBuildFile; fileRef = 464247C626C6D7A800CAD301 /* Assets.xcassets */; };
		464247CA26C6D7A800CAD301 /* LaunchScreen.storyboard in Resources */ = {isa = PBXBuildFile; fileRef = 464247C826C6D7A800CAD301 /* LaunchScreen.storyboard */; };
		464247CD26C6D7A800CAD301 /* main.m in Sources */ = {isa = PBXBuildFile; fileRef = 464247CC26C6D7A800CAD301 /* main.m */; };
/* End PBXBuildFile section */

/* Begin PBXFileReference section */
		463F61E829E9C33400BBB4ED /* ObjCExample-Bridging-Header.h */ = {isa = PBXFileReference; lastKnownFileType = sourcecode.c.h; path = "ObjCExample-Bridging-Header.h"; sourceTree = "<group>"; };
		463F61E929E9C33400BBB4ED /* TestDestination.swift */ = {isa = PBXFileReference; lastKnownFileType = sourcecode.swift; path = TestDestination.swift; sourceTree = "<group>"; };
		464247B726C6D7A700CAD301 /* ObjCExample.app */ = {isa = PBXFileReference; explicitFileType = wrapper.application; includeInIndex = 0; path = ObjCExample.app; sourceTree = BUILT_PRODUCTS_DIR; };
		464247BA26C6D7A700CAD301 /* AppDelegate.h */ = {isa = PBXFileReference; lastKnownFileType = sourcecode.c.h; path = AppDelegate.h; sourceTree = "<group>"; };
		464247BB26C6D7A700CAD301 /* AppDelegate.m */ = {isa = PBXFileReference; lastKnownFileType = sourcecode.c.objc; path = AppDelegate.m; sourceTree = "<group>"; };
		464247BD26C6D7A700CAD301 /* SceneDelegate.h */ = {isa = PBXFileReference; lastKnownFileType = sourcecode.c.h; path = SceneDelegate.h; sourceTree = "<group>"; };
		464247BE26C6D7A700CAD301 /* SceneDelegate.m */ = {isa = PBXFileReference; lastKnownFileType = sourcecode.c.objc; path = SceneDelegate.m; sourceTree = "<group>"; };
		464247C026C6D7A700CAD301 /* ViewController.h */ = {isa = PBXFileReference; lastKnownFileType = sourcecode.c.h; path = ViewController.h; sourceTree = "<group>"; };
		464247C126C6D7A700CAD301 /* ViewController.m */ = {isa = PBXFileReference; lastKnownFileType = sourcecode.c.objc; path = ViewController.m; sourceTree = "<group>"; };
		464247C426C6D7A700CAD301 /* Base */ = {isa = PBXFileReference; lastKnownFileType = file.storyboard; name = Base; path = Base.lproj/Main.storyboard; sourceTree = "<group>"; };
		464247C626C6D7A800CAD301 /* Assets.xcassets */ = {isa = PBXFileReference; lastKnownFileType = folder.assetcatalog; path = Assets.xcassets; sourceTree = "<group>"; };
		464247C926C6D7A800CAD301 /* Base */ = {isa = PBXFileReference; lastKnownFileType = file.storyboard; name = Base; path = Base.lproj/LaunchScreen.storyboard; sourceTree = "<group>"; };
		464247CB26C6D7A800CAD301 /* Info.plist */ = {isa = PBXFileReference; lastKnownFileType = text.plist.xml; path = Info.plist; sourceTree = "<group>"; };
		464247CC26C6D7A800CAD301 /* main.m */ = {isa = PBXFileReference; lastKnownFileType = sourcecode.c.objc; path = main.m; sourceTree = "<group>"; };
/* End PBXFileReference section */

/* Begin PBXFrameworksBuildPhase section */
		464247B426C6D7A700CAD301 /* Frameworks */ = {
			isa = PBXFrameworksBuildPhase;
			buildActionMask = 2147483647;
			files = (
				46262AB229CB731B005C68FF /* SegmentMixpanel in Frameworks */,
				460FF309299AAEEC00635FF9 /* Segment in Frameworks */,
			);
			runOnlyForDeploymentPostprocessing = 0;
		};
/* End PBXFrameworksBuildPhase section */

/* Begin PBXGroup section */
		464247AE26C6D7A700CAD301 = {
			isa = PBXGroup;
			children = (
				464247B926C6D7A700CAD301 /* ObjCExample */,
				464247B826C6D7A700CAD301 /* Products */,
				464247D326C6D7DC00CAD301 /* Frameworks */,
			);
			sourceTree = "<group>";
		};
		464247B826C6D7A700CAD301 /* Products */ = {
			isa = PBXGroup;
			children = (
				464247B726C6D7A700CAD301 /* ObjCExample.app */,
			);
			name = Products;
			sourceTree = "<group>";
		};
		464247B926C6D7A700CAD301 /* ObjCExample */ = {
			isa = PBXGroup;
			children = (
				463F61E929E9C33400BBB4ED /* TestDestination.swift */,
				464247BA26C6D7A700CAD301 /* AppDelegate.h */,
				464247BB26C6D7A700CAD301 /* AppDelegate.m */,
				464247BD26C6D7A700CAD301 /* SceneDelegate.h */,
				464247BE26C6D7A700CAD301 /* SceneDelegate.m */,
				464247C026C6D7A700CAD301 /* ViewController.h */,
				464247C126C6D7A700CAD301 /* ViewController.m */,
				464247C326C6D7A700CAD301 /* Main.storyboard */,
				464247C626C6D7A800CAD301 /* Assets.xcassets */,
				464247C826C6D7A800CAD301 /* LaunchScreen.storyboard */,
				464247CB26C6D7A800CAD301 /* Info.plist */,
				464247CC26C6D7A800CAD301 /* main.m */,
				463F61E829E9C33400BBB4ED /* ObjCExample-Bridging-Header.h */,
			);
			path = ObjCExample;
			sourceTree = "<group>";
		};
		464247D326C6D7DC00CAD301 /* Frameworks */ = {
			isa = PBXGroup;
			children = (
			);
			name = Frameworks;
			sourceTree = "<group>";
		};
/* End PBXGroup section */

/* Begin PBXNativeTarget section */
		464247B626C6D7A700CAD301 /* ObjCExample */ = {
			isa = PBXNativeTarget;
			buildConfigurationList = 464247D026C6D7A800CAD301 /* Build configuration list for PBXNativeTarget "ObjCExample" */;
			buildPhases = (
				464247B326C6D7A700CAD301 /* Sources */,
				464247B426C6D7A700CAD301 /* Frameworks */,
				464247B526C6D7A700CAD301 /* Resources */,
			);
			buildRules = (
			);
			dependencies = (
			);
			name = ObjCExample;
			packageProductDependencies = (
				460FF308299AAEEC00635FF9 /* Segment */,
				46262AB129CB731B005C68FF /* SegmentMixpanel */,
			);
			productName = ObjCExample;
			productReference = 464247B726C6D7A700CAD301 /* ObjCExample.app */;
			productType = "com.apple.product-type.application";
		};
/* End PBXNativeTarget section */

/* Begin PBXProject section */
		464247AF26C6D7A700CAD301 /* Project object */ = {
			isa = PBXProject;
			attributes = {
				LastUpgradeCheck = 1250;
				TargetAttributes = {
					464247B626C6D7A700CAD301 = {
						CreatedOnToolsVersion = 12.5.1;
						LastSwiftMigration = 1430;
					};
				};
			};
			buildConfigurationList = 464247B226C6D7A700CAD301 /* Build configuration list for PBXProject "ObjCExample" */;
			compatibilityVersion = "Xcode 9.3";
			developmentRegion = en;
			hasScannedForEncodings = 0;
			knownRegions = (
				en,
				Base,
			);
			mainGroup = 464247AE26C6D7A700CAD301;
			packageReferences = (
				469891A529CB72D80021B552 /* XCRemoteSwiftPackageReference "analytics-swift-mixpanel" */,
			);
			productRefGroup = 464247B826C6D7A700CAD301 /* Products */;
			projectDirPath = "";
			projectRoot = "";
			targets = (
				464247B626C6D7A700CAD301 /* ObjCExample */,
			);
		};
/* End PBXProject section */

/* Begin PBXResourcesBuildPhase section */
		464247B526C6D7A700CAD301 /* Resources */ = {
			isa = PBXResourcesBuildPhase;
			buildActionMask = 2147483647;
			files = (
				464247CA26C6D7A800CAD301 /* LaunchScreen.storyboard in Resources */,
				464247C726C6D7A800CAD301 /* Assets.xcassets in Resources */,
				464247C526C6D7A700CAD301 /* Main.storyboard in Resources */,
			);
			runOnlyForDeploymentPostprocessing = 0;
		};
/* End PBXResourcesBuildPhase section */

/* Begin PBXSourcesBuildPhase section */
		464247B326C6D7A700CAD301 /* Sources */ = {
			isa = PBXSourcesBuildPhase;
			buildActionMask = 2147483647;
			files = (
				463F61EA29E9C33400BBB4ED /* TestDestination.swift in Sources */,
				464247C226C6D7A700CAD301 /* ViewController.m in Sources */,
				464247BC26C6D7A700CAD301 /* AppDelegate.m in Sources */,
				464247CD26C6D7A800CAD301 /* main.m in Sources */,
				464247BF26C6D7A700CAD301 /* SceneDelegate.m in Sources */,
			);
			runOnlyForDeploymentPostprocessing = 0;
		};
/* End PBXSourcesBuildPhase section */

/* Begin PBXVariantGroup section */
		464247C326C6D7A700CAD301 /* Main.storyboard */ = {
			isa = PBXVariantGroup;
			children = (
				464247C426C6D7A700CAD301 /* Base */,
			);
			name = Main.storyboard;
			sourceTree = "<group>";
		};
		464247C826C6D7A800CAD301 /* LaunchScreen.storyboard */ = {
			isa = PBXVariantGroup;
			children = (
				464247C926C6D7A800CAD301 /* Base */,
			);
			name = LaunchScreen.storyboard;
			sourceTree = "<group>";
		};
/* End PBXVariantGroup section */

/* Begin XCBuildConfiguration section */
		464247CE26C6D7A800CAD301 /* Debug */ = {
			isa = XCBuildConfiguration;
			buildSettings = {
				ALWAYS_SEARCH_USER_PATHS = NO;
				CLANG_ANALYZER_NONNULL = YES;
				CLANG_ANALYZER_NUMBER_OBJECT_CONVERSION = YES_AGGRESSIVE;
				CLANG_CXX_LANGUAGE_STANDARD = "gnu++14";
				CLANG_CXX_LIBRARY = "libc++";
				CLANG_ENABLE_MODULES = YES;
				CLANG_ENABLE_OBJC_ARC = YES;
				CLANG_ENABLE_OBJC_WEAK = YES;
				CLANG_WARN_BLOCK_CAPTURE_AUTORELEASING = YES;
				CLANG_WARN_BOOL_CONVERSION = YES;
				CLANG_WARN_COMMA = YES;
				CLANG_WARN_CONSTANT_CONVERSION = YES;
				CLANG_WARN_DEPRECATED_OBJC_IMPLEMENTATIONS = YES;
				CLANG_WARN_DIRECT_OBJC_ISA_USAGE = YES_ERROR;
				CLANG_WARN_DOCUMENTATION_COMMENTS = YES;
				CLANG_WARN_EMPTY_BODY = YES;
				CLANG_WARN_ENUM_CONVERSION = YES;
				CLANG_WARN_INFINITE_RECURSION = YES;
				CLANG_WARN_INT_CONVERSION = YES;
				CLANG_WARN_NON_LITERAL_NULL_CONVERSION = YES;
				CLANG_WARN_OBJC_IMPLICIT_RETAIN_SELF = YES;
				CLANG_WARN_OBJC_LITERAL_CONVERSION = YES;
				CLANG_WARN_OBJC_ROOT_CLASS = YES_ERROR;
				CLANG_WARN_QUOTED_INCLUDE_IN_FRAMEWORK_HEADER = YES;
				CLANG_WARN_RANGE_LOOP_ANALYSIS = YES;
				CLANG_WARN_STRICT_PROTOTYPES = YES;
				CLANG_WARN_SUSPICIOUS_MOVE = YES;
				CLANG_WARN_UNGUARDED_AVAILABILITY = YES_AGGRESSIVE;
				CLANG_WARN_UNREACHABLE_CODE = YES;
				CLANG_WARN__DUPLICATE_METHOD_MATCH = YES;
				COPY_PHASE_STRIP = NO;
				DEBUG_INFORMATION_FORMAT = dwarf;
				ENABLE_STRICT_OBJC_MSGSEND = YES;
				ENABLE_TESTABILITY = YES;
				GCC_C_LANGUAGE_STANDARD = gnu11;
				GCC_DYNAMIC_NO_PIC = NO;
				GCC_NO_COMMON_BLOCKS = YES;
				GCC_OPTIMIZATION_LEVEL = 0;
				GCC_PREPROCESSOR_DEFINITIONS = (
					"DEBUG=1",
					"$(inherited)",
				);
				GCC_WARN_64_TO_32_BIT_CONVERSION = YES;
				GCC_WARN_ABOUT_RETURN_TYPE = YES_ERROR;
				GCC_WARN_UNDECLARED_SELECTOR = YES;
				GCC_WARN_UNINITIALIZED_AUTOS = YES_AGGRESSIVE;
				GCC_WARN_UNUSED_FUNCTION = YES;
				GCC_WARN_UNUSED_VARIABLE = YES;
				IPHONEOS_DEPLOYMENT_TARGET = 14.5;
				MTL_ENABLE_DEBUG_INFO = INCLUDE_SOURCE;
				MTL_FAST_MATH = YES;
				ONLY_ACTIVE_ARCH = YES;
				SDKROOT = iphoneos;
			};
			name = Debug;
		};
		464247CF26C6D7A800CAD301 /* Release */ = {
			isa = XCBuildConfiguration;
			buildSettings = {
				ALWAYS_SEARCH_USER_PATHS = NO;
				CLANG_ANALYZER_NONNULL = YES;
				CLANG_ANALYZER_NUMBER_OBJECT_CONVERSION = YES_AGGRESSIVE;
				CLANG_CXX_LANGUAGE_STANDARD = "gnu++14";
				CLANG_CXX_LIBRARY = "libc++";
				CLANG_ENABLE_MODULES = YES;
				CLANG_ENABLE_OBJC_ARC = YES;
				CLANG_ENABLE_OBJC_WEAK = YES;
				CLANG_WARN_BLOCK_CAPTURE_AUTORELEASING = YES;
				CLANG_WARN_BOOL_CONVERSION = YES;
				CLANG_WARN_COMMA = YES;
				CLANG_WARN_CONSTANT_CONVERSION = YES;
				CLANG_WARN_DEPRECATED_OBJC_IMPLEMENTATIONS = YES;
				CLANG_WARN_DIRECT_OBJC_ISA_USAGE = YES_ERROR;
				CLANG_WARN_DOCUMENTATION_COMMENTS = YES;
				CLANG_WARN_EMPTY_BODY = YES;
				CLANG_WARN_ENUM_CONVERSION = YES;
				CLANG_WARN_INFINITE_RECURSION = YES;
				CLANG_WARN_INT_CONVERSION = YES;
				CLANG_WARN_NON_LITERAL_NULL_CONVERSION = YES;
				CLANG_WARN_OBJC_IMPLICIT_RETAIN_SELF = YES;
				CLANG_WARN_OBJC_LITERAL_CONVERSION = YES;
				CLANG_WARN_OBJC_ROOT_CLASS = YES_ERROR;
				CLANG_WARN_QUOTED_INCLUDE_IN_FRAMEWORK_HEADER = YES;
				CLANG_WARN_RANGE_LOOP_ANALYSIS = YES;
				CLANG_WARN_STRICT_PROTOTYPES = YES;
				CLANG_WARN_SUSPICIOUS_MOVE = YES;
				CLANG_WARN_UNGUARDED_AVAILABILITY = YES_AGGRESSIVE;
				CLANG_WARN_UNREACHABLE_CODE = YES;
				CLANG_WARN__DUPLICATE_METHOD_MATCH = YES;
				COPY_PHASE_STRIP = NO;
				DEBUG_INFORMATION_FORMAT = "dwarf-with-dsym";
				ENABLE_NS_ASSERTIONS = NO;
				ENABLE_STRICT_OBJC_MSGSEND = YES;
				GCC_C_LANGUAGE_STANDARD = gnu11;
				GCC_NO_COMMON_BLOCKS = YES;
				GCC_WARN_64_TO_32_BIT_CONVERSION = YES;
				GCC_WARN_ABOUT_RETURN_TYPE = YES_ERROR;
				GCC_WARN_UNDECLARED_SELECTOR = YES;
				GCC_WARN_UNINITIALIZED_AUTOS = YES_AGGRESSIVE;
				GCC_WARN_UNUSED_FUNCTION = YES;
				GCC_WARN_UNUSED_VARIABLE = YES;
				IPHONEOS_DEPLOYMENT_TARGET = 14.5;
				MTL_ENABLE_DEBUG_INFO = NO;
				MTL_FAST_MATH = YES;
				SDKROOT = iphoneos;
				VALIDATE_PRODUCT = YES;
			};
			name = Release;
		};
		464247D126C6D7A800CAD301 /* Debug */ = {
			isa = XCBuildConfiguration;
			buildSettings = {
				ASSETCATALOG_COMPILER_APPICON_NAME = AppIcon;
				ASSETCATALOG_COMPILER_GLOBAL_ACCENT_COLOR_NAME = AccentColor;
				CLANG_ENABLE_MODULES = YES;
				CODE_SIGN_STYLE = Automatic;
				INFOPLIST_FILE = ObjCExample/Info.plist;
				LD_RUNPATH_SEARCH_PATHS = (
					"$(inherited)",
					"@executable_path/Frameworks",
				);
				PRODUCT_BUNDLE_IDENTIFIER = com.segment.ObjCExample;
				PRODUCT_NAME = "$(TARGET_NAME)";
				SWIFT_OBJC_BRIDGING_HEADER = "ObjCExample/ObjCExample-Bridging-Header.h";
				SWIFT_OPTIMIZATION_LEVEL = "-Onone";
				SWIFT_VERSION = 5.0;
				TARGETED_DEVICE_FAMILY = "1,2";
			};
			name = Debug;
		};
		464247D226C6D7A800CAD301 /* Release */ = {
			isa = XCBuildConfiguration;
			buildSettings = {
				ASSETCATALOG_COMPILER_APPICON_NAME = AppIcon;
				ASSETCATALOG_COMPILER_GLOBAL_ACCENT_COLOR_NAME = AccentColor;
				CLANG_ENABLE_MODULES = YES;
				CODE_SIGN_STYLE = Automatic;
				INFOPLIST_FILE = ObjCExample/Info.plist;
				LD_RUNPATH_SEARCH_PATHS = (
					"$(inherited)",
					"@executable_path/Frameworks",
				);
				PRODUCT_BUNDLE_IDENTIFIER = com.segment.ObjCExample;
				PRODUCT_NAME = "$(TARGET_NAME)";
				SWIFT_OBJC_BRIDGING_HEADER = "ObjCExample/ObjCExample-Bridging-Header.h";
				SWIFT_VERSION = 5.0;
				TARGETED_DEVICE_FAMILY = "1,2";
			};
			name = Release;
		};
/* End XCBuildConfiguration section */

/* Begin XCConfigurationList section */
		464247B226C6D7A700CAD301 /* Build configuration list for PBXProject "ObjCExample" */ = {
			isa = XCConfigurationList;
			buildConfigurations = (
				464247CE26C6D7A800CAD301 /* Debug */,
				464247CF26C6D7A800CAD301 /* Release */,
			);
			defaultConfigurationIsVisible = 0;
			defaultConfigurationName = Release;
		};
		464247D026C6D7A800CAD301 /* Build configuration list for PBXNativeTarget "ObjCExample" */ = {
			isa = XCConfigurationList;
			buildConfigurations = (
				464247D126C6D7A800CAD301 /* Debug */,
				464247D226C6D7A800CAD301 /* Release */,
			);
			defaultConfigurationIsVisible = 0;
			defaultConfigurationName = Release;
		};
/* End XCConfigurationList section */

/* Begin XCRemoteSwiftPackageReference section */
		469891A529CB72D80021B552 /* XCRemoteSwiftPackageReference "analytics-swift-mixpanel" */ = {
			isa = XCRemoteSwiftPackageReference;
			repositoryURL = "https://github.com/segment-integrations/analytics-swift-mixpanel";
			requirement = {
				kind = upToNextMajorVersion;
				minimumVersion = 1.0.0;
			};
		};
/* End XCRemoteSwiftPackageReference section */

/* Begin XCSwiftPackageProductDependency section */
		460FF308299AAEEC00635FF9 /* Segment */ = {
			isa = XCSwiftPackageProductDependency;
			productName = Segment;
		};
		46262AB129CB731B005C68FF /* SegmentMixpanel */ = {
			isa = XCSwiftPackageProductDependency;
			package = 469891A529CB72D80021B552 /* XCRemoteSwiftPackageReference "analytics-swift-mixpanel" */;
			productName = SegmentMixpanel;
		};
/* End XCSwiftPackageProductDependency section */
	};
	rootObject = 464247AF26C6D7A700CAD301 /* Project object */;
}
